
Microsoft Visual Studio Solution File, Format Version 12.00
# Visual Studio 14
VisualStudioVersion = 14.0.22609.0
MinimumVisualStudioVersion = 10.0.40219.1
Project("{2150E333-8FDC-42A3-9474-1A3956D46DE8}") = "RealEstateInspector", "RealEstateInspector", "{D5955603-322A-4601-82E7-27A4EA782CB7}"
EndProject
Project("{D954291E-2A0B-460D-934E-DC6B0785DB48}") = "RealEstateInspector.Shared", "RealEstateInspector\RealEstateInspector.Shared\RealEstateInspector.Shared.shproj", "{662CFA8D-F708-4B9E-9052-34847114CF70}"
EndProject
Project("{FAE04EC0-301F-11D3-BF4B-00C04F79EFBC}") = "RealEstateInspector.Windows", "RealEstateInspector\RealEstateInspector.Windows\RealEstateInspector.Windows.csproj", "{DE0718BA-B83E-4399-A68E-833362221FA8}"
EndProject
Project("{FAE04EC0-301F-11D3-BF4B-00C04F79EFBC}") = "RealEstateInspector.WindowsPhone", "RealEstateInspector\RealEstateInspector.WindowsPhone\RealEstateInspector.WindowsPhone.csproj", "{58BBF05A-5C59-4FC9-A6C4-73388520E815}"
EndProject
Project("{FAE04EC0-301F-11D3-BF4B-00C04F79EFBC}") = "RealEstateInspector.Core", "RealEstateInspector.Core\RealEstateInspector.Core.csproj", "{E5DC9346-C0D6-47E9-A570-F0F6730D78D8}"
EndProject
Project("{D954291E-2A0B-460D-934E-DC6B0785DB48}") = "RealEstateInspector.Shared.Client", "RealEstateInspector.Shared.Client\RealEstateInspector.Shared.Client.shproj", "{AD780CF9-2CBD-40C2-B2BA-33B546CA4522}"
EndProject
Project("{FAE04EC0-301F-11D3-BF4B-00C04F79EFBC}") = "RealEstateInspector.XForms", "XForms\XForms\RealEstateInspector.XForms.csproj", "{2D88C247-EADB-4BAC-979B-14B8726875A3}"
EndProject
Project("{FAE04EC0-301F-11D3-BF4B-00C04F79EFBC}") = "RealEstateInspector.XForms.WinPhone", "XForms\WinPhone\RealEstateInspector.XForms.WinPhone.csproj", "{EC32EA8B-68AC-46AE-8FB1-450603AF6665}"
EndProject
Project("{FAE04EC0-301F-11D3-BF4B-00C04F79EFBC}") = "RealEstateInspector.XForms.Droid", "XForms\Droid\RealEstateInspector.XForms.Droid.csproj", "{069A94C7-CC40-4BD4-B072-49C153BAAB26}"
EndProject
Project("{FAE04EC0-301F-11D3-BF4B-00C04F79EFBC}") = "RealEstateInspector.XForms.iOS", "XForms\iOS\RealEstateInspector.XForms.iOS.csproj", "{481AEF68-D0C7-4179-81EE-DDF07ADFCF71}"
EndProject
Project("{FAE04EC0-301F-11D3-BF4B-00C04F79EFBC}") = "RealEstateInspector.Desktop", "RealEstateInspector.Desktop\RealEstateInspector.Desktop.csproj", "{67BED36A-D11C-4EBB-A08E-17D716065A08}"
EndProject
Project("{FAE04EC0-301F-11D3-BF4B-00C04F79EFBC}") = "realestateinspectorService", "realestateinspectorService\realestateinspectorService.csproj", "{209FA716-A7AD-4095-BD70-C8710FC66FA7}"
EndProject
Project("{D954291E-2A0B-460D-934E-DC6B0785DB48}") = "RealEstateInspector.Shared.Entities", "RealEstateInspector.Shared.Entities\RealEstateInspector.Shared.Entities.shproj", "{4E18FD51-8F8C-4E0E-BAE6-ABC2A66C6123}"
EndProject
Project("{2150E333-8FDC-42A3-9474-1A3956D46DE8}") = ".nuget", ".nuget", "{010E1A6F-F28D-4122-B254-9B952BA009A8}"
	ProjectSection(SolutionItems) = preProject
		.nuget\NuGet.Config = .nuget\NuGet.Config
		.nuget\NuGet.exe = .nuget\NuGet.exe
		.nuget\NuGet.targets = .nuget\NuGet.targets
	EndProjectSection
EndProject
Project("{FAE04EC0-301F-11D3-BF4B-00C04F79EFBC}") = "RealEstateInspector.Background", "RealEstateInspector.Background\RealEstateInspector.Background.csproj", "{D6280326-D1D3-430B-B876-6F73544A4FA4}"
EndProject
Project("{FAE04EC0-301F-11D3-BF4B-00C04F79EFBC}") = "BuiltToRoam.Synchronization", "BuiltToRoam.Synchronization\BuiltToRoam.Synchronization.csproj", "{CC098E36-DBA0-45A7-BF77-B8DD282937F6}"
EndProject
Project("{FAE04EC0-301F-11D3-BF4B-00C04F79EFBC}") = "BuiltToRoam.Infrastructure", "BuiltToRoam.Infrastructure\BuiltToRoam.Infrastructure.csproj", "{31ADBABA-8788-4471-B19F-5DEE07F8F54A}"
EndProject
Project("{FAE04EC0-301F-11D3-BF4B-00C04F79EFBC}") = "BuiltToRoam.Mobile", "BuiltToRoam.Mobile\BuiltToRoam.Mobile.csproj", "{443F05C9-184D-4847-B9DF-222ACB2E861A}"
EndProject
Project("{FAE04EC0-301F-11D3-BF4B-00C04F79EFBC}") = "RealEstateInspector.Universal", "RealEstateInspector.Universal\RealEstateInspector.Universal.csproj", "{4EF5F453-44BD-481E-8A22-720E525408E4}"
EndProject
Project("{FAE04EC0-301F-11D3-BF4B-00C04F79EFBC}") = "BuiltToRoam.Communication", "BuiltToRoam.Communication\BuiltToRoam.Communication.csproj", "{129836AA-5439-4853-B9F5-ED3C6F004494}"
EndProject
Project("{FAE04EC0-301F-11D3-BF4B-00C04F79EFBC}") = "BuiltToRoam.Mobile.Server", "BuiltToRoam.Mobile.Server\BuiltToRoam.Mobile.Server.csproj", "{1856C790-4C71-44FC-A271-6A5CDD9B22CE}"
EndProject
Project("{2150E333-8FDC-42A3-9474-1A3956D46DE8}") = "Service", "Service", "{59612630-9AAC-45D4-9644-A1DDD80681A3}"
EndProject
Project("{FAE04EC0-301F-11D3-BF4B-00C04F79EFBC}") = "BuiltToRoam.General", "BuiltToRoam.General\BuiltToRoam.General.csproj", "{FD17AD8E-6A3F-4C1D-A7CB-DCBF6A125897}"
EndProject
Project("{FAE04EC0-301F-11D3-BF4B-00C04F79EFBC}") = "BuiltToRoam.UI.UAP", "BuiltToRoam.UI\BuiltToRoam.UI.UAP\BuiltToRoam.UI.UAP.csproj", "{A7990674-F64E-4057-B3F3-4F1243147845}"
EndProject
Project("{2150E333-8FDC-42A3-9474-1A3956D46DE8}") = "UI", "UI", "{45B5063F-CAA0-471C-BA7B-684A341E4E44}"
EndProject
Project("{D954291E-2A0B-460D-934E-DC6B0785DB48}") = "BuiltToRoam.UI.Shared", "BuiltToRoam.UI.Shared\BuiltToRoam.UI.Shared.shproj", "{D518F9B6-2A05-4BA7-B28D-176F4E35BE2B}"
EndProject
Global
	GlobalSection(SharedMSBuildProjectFiles) = preSolution
		RealEstateInspector.Shared.Client\RealEstateInspector.Shared.Client.projitems*{069a94c7-cc40-4bd4-b072-49c153baab26}*SharedItemsImports = 4
		RealEstateInspector.Shared.Client\RealEstateInspector.Shared.Client.projitems*{67bed36a-d11c-4ebb-a08e-17d716065a08}*SharedItemsImports = 4
		RealEstateInspector\RealEstateInspector.Shared\RealEstateInspector.Shared.projitems*{662cfa8d-f708-4b9e-9052-34847114cf70}*SharedItemsImports = 13
		RealEstateInspector.Shared.Client\RealEstateInspector.Shared.Client.projitems*{ad780cf9-2cbd-40c2-b2ba-33b546ca4522}*SharedItemsImports = 13
		RealEstateInspector.Shared.Client\RealEstateInspector.Shared.Client.projitems*{ec32ea8b-68ac-46ae-8fb1-450603af6665}*SharedItemsImports = 4
		RealEstateInspector.Shared.Entities\RealEstateInspector.Shared.Entities.projitems*{e5dc9346-c0d6-47e9-a570-f0f6730d78d8}*SharedItemsImports = 4
		RealEstateInspector.Shared.Client\RealEstateInspector.Shared.Client.projitems*{de0718ba-b83e-4399-a68e-833362221fa8}*SharedItemsImports = 4
		RealEstateInspector\RealEstateInspector.Shared\RealEstateInspector.Shared.projitems*{de0718ba-b83e-4399-a68e-833362221fa8}*SharedItemsImports = 4
		BuiltToRoam.UI.Shared\BuiltToRoam.UI.Shared.projitems*{d518f9b6-2a05-4ba7-b28d-176f4e35be2b}*SharedItemsImports = 13
		BuiltToRoam.UI.Shared\BuiltToRoam.UI.Shared.projitems*{a7990674-f64e-4057-b3f3-4f1243147845}*SharedItemsImports = 4
		RealEstateInspector.Shared.Entities\RealEstateInspector.Shared.Entities.projitems*{209fa716-a7ad-4095-bd70-c8710fc66fa7}*SharedItemsImports = 4
		RealEstateInspector.Shared.Entities\RealEstateInspector.Shared.Entities.projitems*{4e18fd51-8f8c-4e0e-bae6-abc2a66c6123}*SharedItemsImports = 13
		RealEstateInspector.Shared.Client\RealEstateInspector.Shared.Client.projitems*{58bbf05a-5c59-4fc9-a6c4-73388520e815}*SharedItemsImports = 4
		RealEstateInspector\RealEstateInspector.Shared\RealEstateInspector.Shared.projitems*{58bbf05a-5c59-4fc9-a6c4-73388520e815}*SharedItemsImports = 4
		RealEstateInspector.Shared.Client\RealEstateInspector.Shared.Client.projitems*{4ef5f453-44bd-481e-8a22-720e525408e4}*SharedItemsImports = 4
	EndGlobalSection
	GlobalSection(SolutionConfigurationPlatforms) = preSolution
		Ad-Hoc|Any CPU = Ad-Hoc|Any CPU
		Ad-Hoc|ARM = Ad-Hoc|ARM
		Ad-Hoc|iPhone = Ad-Hoc|iPhone
		Ad-Hoc|iPhoneSimulator = Ad-Hoc|iPhoneSimulator
		Ad-Hoc|Mixed Platforms = Ad-Hoc|Mixed Platforms
		Ad-Hoc|x64 = Ad-Hoc|x64
		Ad-Hoc|x86 = Ad-Hoc|x86
		AppStore|Any CPU = AppStore|Any CPU
		AppStore|ARM = AppStore|ARM
		AppStore|iPhone = AppStore|iPhone
		AppStore|iPhoneSimulator = AppStore|iPhoneSimulator
		AppStore|Mixed Platforms = AppStore|Mixed Platforms
		AppStore|x64 = AppStore|x64
		AppStore|x86 = AppStore|x86
		Debug|Any CPU = Debug|Any CPU
		Debug|ARM = Debug|ARM
		Debug|iPhone = Debug|iPhone
		Debug|iPhoneSimulator = Debug|iPhoneSimulator
		Debug|Mixed Platforms = Debug|Mixed Platforms
		Debug|x64 = Debug|x64
		Debug|x86 = Debug|x86
		Release|Any CPU = Release|Any CPU
		Release|ARM = Release|ARM
		Release|iPhone = Release|iPhone
		Release|iPhoneSimulator = Release|iPhoneSimulator
		Release|Mixed Platforms = Release|Mixed Platforms
		Release|x64 = Release|x64
		Release|x86 = Release|x86
	EndGlobalSection
	GlobalSection(ProjectConfigurationPlatforms) = postSolution
		{DE0718BA-B83E-4399-A68E-833362221FA8}.Ad-Hoc|Any CPU.ActiveCfg = Release|Any CPU
		{DE0718BA-B83E-4399-A68E-833362221FA8}.Ad-Hoc|Any CPU.Build.0 = Release|Any CPU
		{DE0718BA-B83E-4399-A68E-833362221FA8}.Ad-Hoc|Any CPU.Deploy.0 = Release|Any CPU
		{DE0718BA-B83E-4399-A68E-833362221FA8}.Ad-Hoc|ARM.ActiveCfg = Release|ARM
		{DE0718BA-B83E-4399-A68E-833362221FA8}.Ad-Hoc|ARM.Build.0 = Release|ARM
		{DE0718BA-B83E-4399-A68E-833362221FA8}.Ad-Hoc|ARM.Deploy.0 = Release|ARM
		{DE0718BA-B83E-4399-A68E-833362221FA8}.Ad-Hoc|iPhone.ActiveCfg = Release|Any CPU
		{DE0718BA-B83E-4399-A68E-833362221FA8}.Ad-Hoc|iPhoneSimulator.ActiveCfg = Release|Any CPU
		{DE0718BA-B83E-4399-A68E-833362221FA8}.Ad-Hoc|Mixed Platforms.ActiveCfg = Release|x86
		{DE0718BA-B83E-4399-A68E-833362221FA8}.Ad-Hoc|Mixed Platforms.Build.0 = Release|x86
		{DE0718BA-B83E-4399-A68E-833362221FA8}.Ad-Hoc|Mixed Platforms.Deploy.0 = Release|x86
		{DE0718BA-B83E-4399-A68E-833362221FA8}.Ad-Hoc|x64.ActiveCfg = Release|x64
		{DE0718BA-B83E-4399-A68E-833362221FA8}.Ad-Hoc|x64.Build.0 = Release|x64
		{DE0718BA-B83E-4399-A68E-833362221FA8}.Ad-Hoc|x64.Deploy.0 = Release|x64
		{DE0718BA-B83E-4399-A68E-833362221FA8}.Ad-Hoc|x86.ActiveCfg = Release|x86
		{DE0718BA-B83E-4399-A68E-833362221FA8}.Ad-Hoc|x86.Build.0 = Release|x86
		{DE0718BA-B83E-4399-A68E-833362221FA8}.Ad-Hoc|x86.Deploy.0 = Release|x86
		{DE0718BA-B83E-4399-A68E-833362221FA8}.AppStore|Any CPU.ActiveCfg = Release|Any CPU
		{DE0718BA-B83E-4399-A68E-833362221FA8}.AppStore|Any CPU.Build.0 = Release|Any CPU
		{DE0718BA-B83E-4399-A68E-833362221FA8}.AppStore|Any CPU.Deploy.0 = Release|Any CPU
		{DE0718BA-B83E-4399-A68E-833362221FA8}.AppStore|ARM.ActiveCfg = Release|ARM
		{DE0718BA-B83E-4399-A68E-833362221FA8}.AppStore|ARM.Build.0 = Release|ARM
		{DE0718BA-B83E-4399-A68E-833362221FA8}.AppStore|ARM.Deploy.0 = Release|ARM
		{DE0718BA-B83E-4399-A68E-833362221FA8}.AppStore|iPhone.ActiveCfg = Release|Any CPU
		{DE0718BA-B83E-4399-A68E-833362221FA8}.AppStore|iPhoneSimulator.ActiveCfg = Release|Any CPU
		{DE0718BA-B83E-4399-A68E-833362221FA8}.AppStore|Mixed Platforms.ActiveCfg = Release|x86
		{DE0718BA-B83E-4399-A68E-833362221FA8}.AppStore|Mixed Platforms.Build.0 = Release|x86
		{DE0718BA-B83E-4399-A68E-833362221FA8}.AppStore|Mixed Platforms.Deploy.0 = Release|x86
		{DE0718BA-B83E-4399-A68E-833362221FA8}.AppStore|x64.ActiveCfg = Release|x64
		{DE0718BA-B83E-4399-A68E-833362221FA8}.AppStore|x64.Build.0 = Release|x64
		{DE0718BA-B83E-4399-A68E-833362221FA8}.AppStore|x64.Deploy.0 = Release|x64
		{DE0718BA-B83E-4399-A68E-833362221FA8}.AppStore|x86.ActiveCfg = Release|x86
		{DE0718BA-B83E-4399-A68E-833362221FA8}.AppStore|x86.Build.0 = Release|x86
		{DE0718BA-B83E-4399-A68E-833362221FA8}.AppStore|x86.Deploy.0 = Release|x86
		{DE0718BA-B83E-4399-A68E-833362221FA8}.Debug|Any CPU.ActiveCfg = Debug|Any CPU
		{DE0718BA-B83E-4399-A68E-833362221FA8}.Debug|Any CPU.Build.0 = Debug|Any CPU
		{DE0718BA-B83E-4399-A68E-833362221FA8}.Debug|Any CPU.Deploy.0 = Debug|Any CPU
		{DE0718BA-B83E-4399-A68E-833362221FA8}.Debug|ARM.ActiveCfg = Debug|ARM
		{DE0718BA-B83E-4399-A68E-833362221FA8}.Debug|ARM.Build.0 = Debug|ARM
		{DE0718BA-B83E-4399-A68E-833362221FA8}.Debug|ARM.Deploy.0 = Debug|ARM
		{DE0718BA-B83E-4399-A68E-833362221FA8}.Debug|iPhone.ActiveCfg = Debug|Any CPU
		{DE0718BA-B83E-4399-A68E-833362221FA8}.Debug|iPhoneSimulator.ActiveCfg = Debug|Any CPU
		{DE0718BA-B83E-4399-A68E-833362221FA8}.Debug|Mixed Platforms.ActiveCfg = Debug|x86
		{DE0718BA-B83E-4399-A68E-833362221FA8}.Debug|Mixed Platforms.Build.0 = Debug|x86
		{DE0718BA-B83E-4399-A68E-833362221FA8}.Debug|Mixed Platforms.Deploy.0 = Debug|x86
		{DE0718BA-B83E-4399-A68E-833362221FA8}.Debug|x64.ActiveCfg = Debug|x64
		{DE0718BA-B83E-4399-A68E-833362221FA8}.Debug|x64.Build.0 = Debug|x64
		{DE0718BA-B83E-4399-A68E-833362221FA8}.Debug|x64.Deploy.0 = Debug|x64
		{DE0718BA-B83E-4399-A68E-833362221FA8}.Debug|x86.ActiveCfg = Debug|x86
		{DE0718BA-B83E-4399-A68E-833362221FA8}.Debug|x86.Build.0 = Debug|x86
		{DE0718BA-B83E-4399-A68E-833362221FA8}.Release|Any CPU.ActiveCfg = Release|Any CPU
		{DE0718BA-B83E-4399-A68E-833362221FA8}.Release|Any CPU.Build.0 = Release|Any CPU
		{DE0718BA-B83E-4399-A68E-833362221FA8}.Release|Any CPU.Deploy.0 = Release|Any CPU
		{DE0718BA-B83E-4399-A68E-833362221FA8}.Release|ARM.ActiveCfg = Release|ARM
		{DE0718BA-B83E-4399-A68E-833362221FA8}.Release|ARM.Build.0 = Release|ARM
		{DE0718BA-B83E-4399-A68E-833362221FA8}.Release|ARM.Deploy.0 = Release|ARM
		{DE0718BA-B83E-4399-A68E-833362221FA8}.Release|iPhone.ActiveCfg = Release|Any CPU
		{DE0718BA-B83E-4399-A68E-833362221FA8}.Release|iPhoneSimulator.ActiveCfg = Release|Any CPU
		{DE0718BA-B83E-4399-A68E-833362221FA8}.Release|Mixed Platforms.ActiveCfg = Release|x86
		{DE0718BA-B83E-4399-A68E-833362221FA8}.Release|Mixed Platforms.Build.0 = Release|x86
		{DE0718BA-B83E-4399-A68E-833362221FA8}.Release|Mixed Platforms.Deploy.0 = Release|x86
		{DE0718BA-B83E-4399-A68E-833362221FA8}.Release|x64.ActiveCfg = Release|x64
		{DE0718BA-B83E-4399-A68E-833362221FA8}.Release|x64.Build.0 = Release|x64
		{DE0718BA-B83E-4399-A68E-833362221FA8}.Release|x64.Deploy.0 = Release|x64
		{DE0718BA-B83E-4399-A68E-833362221FA8}.Release|x86.ActiveCfg = Release|x86
		{DE0718BA-B83E-4399-A68E-833362221FA8}.Release|x86.Build.0 = Release|x86
		{DE0718BA-B83E-4399-A68E-833362221FA8}.Release|x86.Deploy.0 = Release|x86
		{58BBF05A-5C59-4FC9-A6C4-73388520E815}.Ad-Hoc|Any CPU.ActiveCfg = Release|Any CPU
		{58BBF05A-5C59-4FC9-A6C4-73388520E815}.Ad-Hoc|Any CPU.Build.0 = Release|Any CPU
		{58BBF05A-5C59-4FC9-A6C4-73388520E815}.Ad-Hoc|Any CPU.Deploy.0 = Release|Any CPU
		{58BBF05A-5C59-4FC9-A6C4-73388520E815}.Ad-Hoc|ARM.ActiveCfg = Release|ARM
		{58BBF05A-5C59-4FC9-A6C4-73388520E815}.Ad-Hoc|ARM.Build.0 = Release|ARM
		{58BBF05A-5C59-4FC9-A6C4-73388520E815}.Ad-Hoc|ARM.Deploy.0 = Release|ARM
		{58BBF05A-5C59-4FC9-A6C4-73388520E815}.Ad-Hoc|iPhone.ActiveCfg = Release|Any CPU
		{58BBF05A-5C59-4FC9-A6C4-73388520E815}.Ad-Hoc|iPhoneSimulator.ActiveCfg = Release|Any CPU
		{58BBF05A-5C59-4FC9-A6C4-73388520E815}.Ad-Hoc|Mixed Platforms.ActiveCfg = Release|x86
		{58BBF05A-5C59-4FC9-A6C4-73388520E815}.Ad-Hoc|Mixed Platforms.Build.0 = Release|x86
		{58BBF05A-5C59-4FC9-A6C4-73388520E815}.Ad-Hoc|Mixed Platforms.Deploy.0 = Release|x86
		{58BBF05A-5C59-4FC9-A6C4-73388520E815}.Ad-Hoc|x64.ActiveCfg = Release|Any CPU
		{58BBF05A-5C59-4FC9-A6C4-73388520E815}.Ad-Hoc|x86.ActiveCfg = Release|x86
		{58BBF05A-5C59-4FC9-A6C4-73388520E815}.Ad-Hoc|x86.Build.0 = Release|x86
		{58BBF05A-5C59-4FC9-A6C4-73388520E815}.Ad-Hoc|x86.Deploy.0 = Release|x86
		{58BBF05A-5C59-4FC9-A6C4-73388520E815}.AppStore|Any CPU.ActiveCfg = Release|Any CPU
		{58BBF05A-5C59-4FC9-A6C4-73388520E815}.AppStore|Any CPU.Build.0 = Release|Any CPU
		{58BBF05A-5C59-4FC9-A6C4-73388520E815}.AppStore|Any CPU.Deploy.0 = Release|Any CPU
		{58BBF05A-5C59-4FC9-A6C4-73388520E815}.AppStore|ARM.ActiveCfg = Release|ARM
		{58BBF05A-5C59-4FC9-A6C4-73388520E815}.AppStore|ARM.Build.0 = Release|ARM
		{58BBF05A-5C59-4FC9-A6C4-73388520E815}.AppStore|ARM.Deploy.0 = Release|ARM
		{58BBF05A-5C59-4FC9-A6C4-73388520E815}.AppStore|iPhone.ActiveCfg = Release|Any CPU
		{58BBF05A-5C59-4FC9-A6C4-73388520E815}.AppStore|iPhoneSimulator.ActiveCfg = Release|Any CPU
		{58BBF05A-5C59-4FC9-A6C4-73388520E815}.AppStore|Mixed Platforms.ActiveCfg = Release|x86
		{58BBF05A-5C59-4FC9-A6C4-73388520E815}.AppStore|Mixed Platforms.Build.0 = Release|x86
		{58BBF05A-5C59-4FC9-A6C4-73388520E815}.AppStore|Mixed Platforms.Deploy.0 = Release|x86
		{58BBF05A-5C59-4FC9-A6C4-73388520E815}.AppStore|x64.ActiveCfg = Release|Any CPU
		{58BBF05A-5C59-4FC9-A6C4-73388520E815}.AppStore|x86.ActiveCfg = Release|x86
		{58BBF05A-5C59-4FC9-A6C4-73388520E815}.AppStore|x86.Build.0 = Release|x86
		{58BBF05A-5C59-4FC9-A6C4-73388520E815}.AppStore|x86.Deploy.0 = Release|x86
		{58BBF05A-5C59-4FC9-A6C4-73388520E815}.Debug|Any CPU.ActiveCfg = Debug|Any CPU
		{58BBF05A-5C59-4FC9-A6C4-73388520E815}.Debug|Any CPU.Build.0 = Debug|Any CPU
		{58BBF05A-5C59-4FC9-A6C4-73388520E815}.Debug|Any CPU.Deploy.0 = Debug|Any CPU
		{58BBF05A-5C59-4FC9-A6C4-73388520E815}.Debug|ARM.ActiveCfg = Debug|ARM
		{58BBF05A-5C59-4FC9-A6C4-73388520E815}.Debug|ARM.Build.0 = Debug|ARM
		{58BBF05A-5C59-4FC9-A6C4-73388520E815}.Debug|ARM.Deploy.0 = Debug|ARM
		{58BBF05A-5C59-4FC9-A6C4-73388520E815}.Debug|iPhone.ActiveCfg = Debug|Any CPU
		{58BBF05A-5C59-4FC9-A6C4-73388520E815}.Debug|iPhoneSimulator.ActiveCfg = Debug|Any CPU
		{58BBF05A-5C59-4FC9-A6C4-73388520E815}.Debug|Mixed Platforms.ActiveCfg = Debug|x86
		{58BBF05A-5C59-4FC9-A6C4-73388520E815}.Debug|Mixed Platforms.Build.0 = Debug|x86
		{58BBF05A-5C59-4FC9-A6C4-73388520E815}.Debug|Mixed Platforms.Deploy.0 = Debug|x86
		{58BBF05A-5C59-4FC9-A6C4-73388520E815}.Debug|x64.ActiveCfg = Debug|Any CPU
		{58BBF05A-5C59-4FC9-A6C4-73388520E815}.Debug|x86.ActiveCfg = Debug|x86
		{58BBF05A-5C59-4FC9-A6C4-73388520E815}.Debug|x86.Build.0 = Debug|x86
		{58BBF05A-5C59-4FC9-A6C4-73388520E815}.Release|Any CPU.ActiveCfg = Release|Any CPU
		{58BBF05A-5C59-4FC9-A6C4-73388520E815}.Release|Any CPU.Build.0 = Release|Any CPU
		{58BBF05A-5C59-4FC9-A6C4-73388520E815}.Release|Any CPU.Deploy.0 = Release|Any CPU
		{58BBF05A-5C59-4FC9-A6C4-73388520E815}.Release|ARM.ActiveCfg = Release|ARM
		{58BBF05A-5C59-4FC9-A6C4-73388520E815}.Release|ARM.Build.0 = Release|ARM
		{58BBF05A-5C59-4FC9-A6C4-73388520E815}.Release|ARM.Deploy.0 = Release|ARM
		{58BBF05A-5C59-4FC9-A6C4-73388520E815}.Release|iPhone.ActiveCfg = Release|Any CPU
		{58BBF05A-5C59-4FC9-A6C4-73388520E815}.Release|iPhoneSimulator.ActiveCfg = Release|Any CPU
		{58BBF05A-5C59-4FC9-A6C4-73388520E815}.Release|Mixed Platforms.ActiveCfg = Release|x86
		{58BBF05A-5C59-4FC9-A6C4-73388520E815}.Release|Mixed Platforms.Build.0 = Release|x86
		{58BBF05A-5C59-4FC9-A6C4-73388520E815}.Release|Mixed Platforms.Deploy.0 = Release|x86
		{58BBF05A-5C59-4FC9-A6C4-73388520E815}.Release|x64.ActiveCfg = Release|Any CPU
		{58BBF05A-5C59-4FC9-A6C4-73388520E815}.Release|x86.ActiveCfg = Release|x86
		{58BBF05A-5C59-4FC9-A6C4-73388520E815}.Release|x86.Build.0 = Release|x86
		{58BBF05A-5C59-4FC9-A6C4-73388520E815}.Release|x86.Deploy.0 = Release|x86
		{E5DC9346-C0D6-47E9-A570-F0F6730D78D8}.Ad-Hoc|Any CPU.ActiveCfg = Release|Any CPU
		{E5DC9346-C0D6-47E9-A570-F0F6730D78D8}.Ad-Hoc|Any CPU.Build.0 = Release|Any CPU
		{E5DC9346-C0D6-47E9-A570-F0F6730D78D8}.Ad-Hoc|ARM.ActiveCfg = Release|Any CPU
		{E5DC9346-C0D6-47E9-A570-F0F6730D78D8}.Ad-Hoc|iPhone.ActiveCfg = Release|Any CPU
		{E5DC9346-C0D6-47E9-A570-F0F6730D78D8}.Ad-Hoc|iPhoneSimulator.ActiveCfg = Release|Any CPU
		{E5DC9346-C0D6-47E9-A570-F0F6730D78D8}.Ad-Hoc|Mixed Platforms.ActiveCfg = Release|Any CPU
		{E5DC9346-C0D6-47E9-A570-F0F6730D78D8}.Ad-Hoc|Mixed Platforms.Build.0 = Release|Any CPU
		{E5DC9346-C0D6-47E9-A570-F0F6730D78D8}.Ad-Hoc|x64.ActiveCfg = Release|Any CPU
		{E5DC9346-C0D6-47E9-A570-F0F6730D78D8}.Ad-Hoc|x86.ActiveCfg = Release|Any CPU
		{E5DC9346-C0D6-47E9-A570-F0F6730D78D8}.AppStore|Any CPU.ActiveCfg = Release|Any CPU
		{E5DC9346-C0D6-47E9-A570-F0F6730D78D8}.AppStore|Any CPU.Build.0 = Release|Any CPU
		{E5DC9346-C0D6-47E9-A570-F0F6730D78D8}.AppStore|ARM.ActiveCfg = Release|Any CPU
		{E5DC9346-C0D6-47E9-A570-F0F6730D78D8}.AppStore|iPhone.ActiveCfg = Release|Any CPU
		{E5DC9346-C0D6-47E9-A570-F0F6730D78D8}.AppStore|iPhoneSimulator.ActiveCfg = Release|Any CPU
		{E5DC9346-C0D6-47E9-A570-F0F6730D78D8}.AppStore|Mixed Platforms.ActiveCfg = Release|Any CPU
		{E5DC9346-C0D6-47E9-A570-F0F6730D78D8}.AppStore|Mixed Platforms.Build.0 = Release|Any CPU
		{E5DC9346-C0D6-47E9-A570-F0F6730D78D8}.AppStore|x64.ActiveCfg = Release|Any CPU
		{E5DC9346-C0D6-47E9-A570-F0F6730D78D8}.AppStore|x86.ActiveCfg = Release|Any CPU
		{E5DC9346-C0D6-47E9-A570-F0F6730D78D8}.Debug|Any CPU.ActiveCfg = Debug|Any CPU
		{E5DC9346-C0D6-47E9-A570-F0F6730D78D8}.Debug|Any CPU.Build.0 = Debug|Any CPU
		{E5DC9346-C0D6-47E9-A570-F0F6730D78D8}.Debug|ARM.ActiveCfg = Debug|Any CPU
		{E5DC9346-C0D6-47E9-A570-F0F6730D78D8}.Debug|iPhone.ActiveCfg = Debug|Any CPU
		{E5DC9346-C0D6-47E9-A570-F0F6730D78D8}.Debug|iPhoneSimulator.ActiveCfg = Debug|Any CPU
		{E5DC9346-C0D6-47E9-A570-F0F6730D78D8}.Debug|iPhoneSimulator.Build.0 = Debug|Any CPU
		{E5DC9346-C0D6-47E9-A570-F0F6730D78D8}.Debug|Mixed Platforms.ActiveCfg = Debug|Any CPU
		{E5DC9346-C0D6-47E9-A570-F0F6730D78D8}.Debug|Mixed Platforms.Build.0 = Debug|Any CPU
		{E5DC9346-C0D6-47E9-A570-F0F6730D78D8}.Debug|x64.ActiveCfg = Debug|Any CPU
		{E5DC9346-C0D6-47E9-A570-F0F6730D78D8}.Debug|x86.ActiveCfg = Debug|Any CPU
		{E5DC9346-C0D6-47E9-A570-F0F6730D78D8}.Debug|x86.Build.0 = Debug|Any CPU
		{E5DC9346-C0D6-47E9-A570-F0F6730D78D8}.Release|Any CPU.ActiveCfg = Release|Any CPU
		{E5DC9346-C0D6-47E9-A570-F0F6730D78D8}.Release|Any CPU.Build.0 = Release|Any CPU
		{E5DC9346-C0D6-47E9-A570-F0F6730D78D8}.Release|ARM.ActiveCfg = Release|Any CPU
		{E5DC9346-C0D6-47E9-A570-F0F6730D78D8}.Release|iPhone.ActiveCfg = Release|Any CPU
		{E5DC9346-C0D6-47E9-A570-F0F6730D78D8}.Release|iPhoneSimulator.ActiveCfg = Release|Any CPU
		{E5DC9346-C0D6-47E9-A570-F0F6730D78D8}.Release|Mixed Platforms.ActiveCfg = Release|Any CPU
		{E5DC9346-C0D6-47E9-A570-F0F6730D78D8}.Release|Mixed Platforms.Build.0 = Release|Any CPU
		{E5DC9346-C0D6-47E9-A570-F0F6730D78D8}.Release|x64.ActiveCfg = Release|Any CPU
		{E5DC9346-C0D6-47E9-A570-F0F6730D78D8}.Release|x86.ActiveCfg = Release|Any CPU
		{2D88C247-EADB-4BAC-979B-14B8726875A3}.Ad-Hoc|Any CPU.ActiveCfg = Release|Any CPU
		{2D88C247-EADB-4BAC-979B-14B8726875A3}.Ad-Hoc|Any CPU.Build.0 = Release|Any CPU
		{2D88C247-EADB-4BAC-979B-14B8726875A3}.Ad-Hoc|ARM.ActiveCfg = Release|Any CPU
		{2D88C247-EADB-4BAC-979B-14B8726875A3}.Ad-Hoc|iPhone.ActiveCfg = Release|Any CPU
		{2D88C247-EADB-4BAC-979B-14B8726875A3}.Ad-Hoc|iPhoneSimulator.ActiveCfg = Release|Any CPU
		{2D88C247-EADB-4BAC-979B-14B8726875A3}.Ad-Hoc|Mixed Platforms.ActiveCfg = Release|Any CPU
		{2D88C247-EADB-4BAC-979B-14B8726875A3}.Ad-Hoc|Mixed Platforms.Build.0 = Release|Any CPU
		{2D88C247-EADB-4BAC-979B-14B8726875A3}.Ad-Hoc|x64.ActiveCfg = Release|Any CPU
		{2D88C247-EADB-4BAC-979B-14B8726875A3}.Ad-Hoc|x86.ActiveCfg = Release|Any CPU
		{2D88C247-EADB-4BAC-979B-14B8726875A3}.AppStore|Any CPU.ActiveCfg = Release|Any CPU
		{2D88C247-EADB-4BAC-979B-14B8726875A3}.AppStore|Any CPU.Build.0 = Release|Any CPU
		{2D88C247-EADB-4BAC-979B-14B8726875A3}.AppStore|ARM.ActiveCfg = Release|Any CPU
		{2D88C247-EADB-4BAC-979B-14B8726875A3}.AppStore|iPhone.ActiveCfg = Release|Any CPU
		{2D88C247-EADB-4BAC-979B-14B8726875A3}.AppStore|iPhoneSimulator.ActiveCfg = Release|Any CPU
		{2D88C247-EADB-4BAC-979B-14B8726875A3}.AppStore|Mixed Platforms.ActiveCfg = Release|Any CPU
		{2D88C247-EADB-4BAC-979B-14B8726875A3}.AppStore|Mixed Platforms.Build.0 = Release|Any CPU
		{2D88C247-EADB-4BAC-979B-14B8726875A3}.AppStore|x64.ActiveCfg = Release|Any CPU
		{2D88C247-EADB-4BAC-979B-14B8726875A3}.AppStore|x86.ActiveCfg = Release|Any CPU
		{2D88C247-EADB-4BAC-979B-14B8726875A3}.Debug|Any CPU.ActiveCfg = Debug|Any CPU
		{2D88C247-EADB-4BAC-979B-14B8726875A3}.Debug|Any CPU.Build.0 = Debug|Any CPU
		{2D88C247-EADB-4BAC-979B-14B8726875A3}.Debug|ARM.ActiveCfg = Debug|Any CPU
		{2D88C247-EADB-4BAC-979B-14B8726875A3}.Debug|iPhone.ActiveCfg = Debug|Any CPU
		{2D88C247-EADB-4BAC-979B-14B8726875A3}.Debug|iPhoneSimulator.ActiveCfg = Debug|Any CPU
		{2D88C247-EADB-4BAC-979B-14B8726875A3}.Debug|iPhoneSimulator.Build.0 = Debug|Any CPU
		{2D88C247-EADB-4BAC-979B-14B8726875A3}.Debug|Mixed Platforms.ActiveCfg = Debug|Any CPU
		{2D88C247-EADB-4BAC-979B-14B8726875A3}.Debug|Mixed Platforms.Build.0 = Debug|Any CPU
		{2D88C247-EADB-4BAC-979B-14B8726875A3}.Debug|x64.ActiveCfg = Debug|Any CPU
		{2D88C247-EADB-4BAC-979B-14B8726875A3}.Debug|x86.ActiveCfg = Debug|Any CPU
		{2D88C247-EADB-4BAC-979B-14B8726875A3}.Debug|x86.Build.0 = Debug|Any CPU
		{2D88C247-EADB-4BAC-979B-14B8726875A3}.Release|Any CPU.ActiveCfg = Release|Any CPU
		{2D88C247-EADB-4BAC-979B-14B8726875A3}.Release|Any CPU.Build.0 = Release|Any CPU
		{2D88C247-EADB-4BAC-979B-14B8726875A3}.Release|ARM.ActiveCfg = Release|Any CPU
		{2D88C247-EADB-4BAC-979B-14B8726875A3}.Release|iPhone.ActiveCfg = Release|Any CPU
		{2D88C247-EADB-4BAC-979B-14B8726875A3}.Release|iPhoneSimulator.ActiveCfg = Release|Any CPU
		{2D88C247-EADB-4BAC-979B-14B8726875A3}.Release|Mixed Platforms.ActiveCfg = Release|Any CPU
		{2D88C247-EADB-4BAC-979B-14B8726875A3}.Release|Mixed Platforms.Build.0 = Release|Any CPU
		{2D88C247-EADB-4BAC-979B-14B8726875A3}.Release|x64.ActiveCfg = Release|Any CPU
		{2D88C247-EADB-4BAC-979B-14B8726875A3}.Release|x86.ActiveCfg = Release|Any CPU
		{EC32EA8B-68AC-46AE-8FB1-450603AF6665}.Ad-Hoc|Any CPU.ActiveCfg = Release|Any CPU
		{EC32EA8B-68AC-46AE-8FB1-450603AF6665}.Ad-Hoc|Any CPU.Build.0 = Release|Any CPU
		{EC32EA8B-68AC-46AE-8FB1-450603AF6665}.Ad-Hoc|Any CPU.Deploy.0 = Release|Any CPU
		{EC32EA8B-68AC-46AE-8FB1-450603AF6665}.Ad-Hoc|ARM.ActiveCfg = Release|ARM
		{EC32EA8B-68AC-46AE-8FB1-450603AF6665}.Ad-Hoc|ARM.Build.0 = Release|ARM
		{EC32EA8B-68AC-46AE-8FB1-450603AF6665}.Ad-Hoc|ARM.Deploy.0 = Release|ARM
		{EC32EA8B-68AC-46AE-8FB1-450603AF6665}.Ad-Hoc|iPhone.ActiveCfg = Release|Any CPU
		{EC32EA8B-68AC-46AE-8FB1-450603AF6665}.Ad-Hoc|iPhoneSimulator.ActiveCfg = Release|Any CPU
		{EC32EA8B-68AC-46AE-8FB1-450603AF6665}.Ad-Hoc|Mixed Platforms.ActiveCfg = Release|x86
		{EC32EA8B-68AC-46AE-8FB1-450603AF6665}.Ad-Hoc|Mixed Platforms.Build.0 = Release|x86
		{EC32EA8B-68AC-46AE-8FB1-450603AF6665}.Ad-Hoc|Mixed Platforms.Deploy.0 = Release|x86
		{EC32EA8B-68AC-46AE-8FB1-450603AF6665}.Ad-Hoc|x64.ActiveCfg = Release|Any CPU
		{EC32EA8B-68AC-46AE-8FB1-450603AF6665}.Ad-Hoc|x86.ActiveCfg = Release|x86
		{EC32EA8B-68AC-46AE-8FB1-450603AF6665}.Ad-Hoc|x86.Build.0 = Release|x86
		{EC32EA8B-68AC-46AE-8FB1-450603AF6665}.Ad-Hoc|x86.Deploy.0 = Release|x86
		{EC32EA8B-68AC-46AE-8FB1-450603AF6665}.AppStore|Any CPU.ActiveCfg = Release|Any CPU
		{EC32EA8B-68AC-46AE-8FB1-450603AF6665}.AppStore|Any CPU.Build.0 = Release|Any CPU
		{EC32EA8B-68AC-46AE-8FB1-450603AF6665}.AppStore|Any CPU.Deploy.0 = Release|Any CPU
		{EC32EA8B-68AC-46AE-8FB1-450603AF6665}.AppStore|ARM.ActiveCfg = Release|ARM
		{EC32EA8B-68AC-46AE-8FB1-450603AF6665}.AppStore|ARM.Build.0 = Release|ARM
		{EC32EA8B-68AC-46AE-8FB1-450603AF6665}.AppStore|ARM.Deploy.0 = Release|ARM
		{EC32EA8B-68AC-46AE-8FB1-450603AF6665}.AppStore|iPhone.ActiveCfg = Release|Any CPU
		{EC32EA8B-68AC-46AE-8FB1-450603AF6665}.AppStore|iPhoneSimulator.ActiveCfg = Release|Any CPU
		{EC32EA8B-68AC-46AE-8FB1-450603AF6665}.AppStore|Mixed Platforms.ActiveCfg = Release|x86
		{EC32EA8B-68AC-46AE-8FB1-450603AF6665}.AppStore|Mixed Platforms.Build.0 = Release|x86
		{EC32EA8B-68AC-46AE-8FB1-450603AF6665}.AppStore|Mixed Platforms.Deploy.0 = Release|x86
		{EC32EA8B-68AC-46AE-8FB1-450603AF6665}.AppStore|x64.ActiveCfg = Release|Any CPU
		{EC32EA8B-68AC-46AE-8FB1-450603AF6665}.AppStore|x86.ActiveCfg = Release|x86
		{EC32EA8B-68AC-46AE-8FB1-450603AF6665}.AppStore|x86.Build.0 = Release|x86
		{EC32EA8B-68AC-46AE-8FB1-450603AF6665}.AppStore|x86.Deploy.0 = Release|x86
		{EC32EA8B-68AC-46AE-8FB1-450603AF6665}.Debug|Any CPU.ActiveCfg = Debug|Any CPU
		{EC32EA8B-68AC-46AE-8FB1-450603AF6665}.Debug|Any CPU.Build.0 = Debug|Any CPU
		{EC32EA8B-68AC-46AE-8FB1-450603AF6665}.Debug|Any CPU.Deploy.0 = Debug|Any CPU
		{EC32EA8B-68AC-46AE-8FB1-450603AF6665}.Debug|ARM.ActiveCfg = Debug|ARM
		{EC32EA8B-68AC-46AE-8FB1-450603AF6665}.Debug|ARM.Build.0 = Debug|ARM
		{EC32EA8B-68AC-46AE-8FB1-450603AF6665}.Debug|ARM.Deploy.0 = Debug|ARM
		{EC32EA8B-68AC-46AE-8FB1-450603AF6665}.Debug|iPhone.ActiveCfg = Debug|Any CPU
		{EC32EA8B-68AC-46AE-8FB1-450603AF6665}.Debug|iPhoneSimulator.ActiveCfg = Debug|Any CPU
		{EC32EA8B-68AC-46AE-8FB1-450603AF6665}.Debug|Mixed Platforms.ActiveCfg = Debug|x86
		{EC32EA8B-68AC-46AE-8FB1-450603AF6665}.Debug|Mixed Platforms.Build.0 = Debug|x86
		{EC32EA8B-68AC-46AE-8FB1-450603AF6665}.Debug|Mixed Platforms.Deploy.0 = Debug|x86
		{EC32EA8B-68AC-46AE-8FB1-450603AF6665}.Debug|x64.ActiveCfg = Debug|Any CPU
		{EC32EA8B-68AC-46AE-8FB1-450603AF6665}.Debug|x86.ActiveCfg = Debug|x86
		{EC32EA8B-68AC-46AE-8FB1-450603AF6665}.Debug|x86.Build.0 = Debug|x86
		{EC32EA8B-68AC-46AE-8FB1-450603AF6665}.Release|Any CPU.ActiveCfg = Release|Any CPU
		{EC32EA8B-68AC-46AE-8FB1-450603AF6665}.Release|Any CPU.Build.0 = Release|Any CPU
		{EC32EA8B-68AC-46AE-8FB1-450603AF6665}.Release|Any CPU.Deploy.0 = Release|Any CPU
		{EC32EA8B-68AC-46AE-8FB1-450603AF6665}.Release|ARM.ActiveCfg = Release|ARM
		{EC32EA8B-68AC-46AE-8FB1-450603AF6665}.Release|ARM.Build.0 = Release|ARM
		{EC32EA8B-68AC-46AE-8FB1-450603AF6665}.Release|ARM.Deploy.0 = Release|ARM
		{EC32EA8B-68AC-46AE-8FB1-450603AF6665}.Release|iPhone.ActiveCfg = Release|Any CPU
		{EC32EA8B-68AC-46AE-8FB1-450603AF6665}.Release|iPhoneSimulator.ActiveCfg = Release|Any CPU
		{EC32EA8B-68AC-46AE-8FB1-450603AF6665}.Release|Mixed Platforms.ActiveCfg = Release|x86
		{EC32EA8B-68AC-46AE-8FB1-450603AF6665}.Release|Mixed Platforms.Build.0 = Release|x86
		{EC32EA8B-68AC-46AE-8FB1-450603AF6665}.Release|Mixed Platforms.Deploy.0 = Release|x86
		{EC32EA8B-68AC-46AE-8FB1-450603AF6665}.Release|x64.ActiveCfg = Release|Any CPU
		{EC32EA8B-68AC-46AE-8FB1-450603AF6665}.Release|x86.ActiveCfg = Release|x86
		{EC32EA8B-68AC-46AE-8FB1-450603AF6665}.Release|x86.Build.0 = Release|x86
		{EC32EA8B-68AC-46AE-8FB1-450603AF6665}.Release|x86.Deploy.0 = Release|x86
		{069A94C7-CC40-4BD4-B072-49C153BAAB26}.Ad-Hoc|Any CPU.ActiveCfg = Release|Any CPU
		{069A94C7-CC40-4BD4-B072-49C153BAAB26}.Ad-Hoc|Any CPU.Build.0 = Release|Any CPU
		{069A94C7-CC40-4BD4-B072-49C153BAAB26}.Ad-Hoc|Any CPU.Deploy.0 = Release|Any CPU
		{069A94C7-CC40-4BD4-B072-49C153BAAB26}.Ad-Hoc|ARM.ActiveCfg = Release|Any CPU
		{069A94C7-CC40-4BD4-B072-49C153BAAB26}.Ad-Hoc|iPhone.ActiveCfg = Release|Any CPU
		{069A94C7-CC40-4BD4-B072-49C153BAAB26}.Ad-Hoc|iPhoneSimulator.ActiveCfg = Release|Any CPU
		{069A94C7-CC40-4BD4-B072-49C153BAAB26}.Ad-Hoc|Mixed Platforms.ActiveCfg = Release|Any CPU
		{069A94C7-CC40-4BD4-B072-49C153BAAB26}.Ad-Hoc|Mixed Platforms.Build.0 = Release|Any CPU
		{069A94C7-CC40-4BD4-B072-49C153BAAB26}.Ad-Hoc|Mixed Platforms.Deploy.0 = Release|Any CPU
		{069A94C7-CC40-4BD4-B072-49C153BAAB26}.Ad-Hoc|x64.ActiveCfg = Release|Any CPU
		{069A94C7-CC40-4BD4-B072-49C153BAAB26}.Ad-Hoc|x86.ActiveCfg = Release|Any CPU
		{069A94C7-CC40-4BD4-B072-49C153BAAB26}.AppStore|Any CPU.ActiveCfg = Release|Any CPU
		{069A94C7-CC40-4BD4-B072-49C153BAAB26}.AppStore|Any CPU.Build.0 = Release|Any CPU
		{069A94C7-CC40-4BD4-B072-49C153BAAB26}.AppStore|Any CPU.Deploy.0 = Release|Any CPU
		{069A94C7-CC40-4BD4-B072-49C153BAAB26}.AppStore|ARM.ActiveCfg = Release|Any CPU
		{069A94C7-CC40-4BD4-B072-49C153BAAB26}.AppStore|iPhone.ActiveCfg = Release|Any CPU
		{069A94C7-CC40-4BD4-B072-49C153BAAB26}.AppStore|iPhoneSimulator.ActiveCfg = Release|Any CPU
		{069A94C7-CC40-4BD4-B072-49C153BAAB26}.AppStore|Mixed Platforms.ActiveCfg = Release|Any CPU
		{069A94C7-CC40-4BD4-B072-49C153BAAB26}.AppStore|Mixed Platforms.Build.0 = Release|Any CPU
		{069A94C7-CC40-4BD4-B072-49C153BAAB26}.AppStore|Mixed Platforms.Deploy.0 = Release|Any CPU
		{069A94C7-CC40-4BD4-B072-49C153BAAB26}.AppStore|x64.ActiveCfg = Release|Any CPU
		{069A94C7-CC40-4BD4-B072-49C153BAAB26}.AppStore|x86.ActiveCfg = Release|Any CPU
		{069A94C7-CC40-4BD4-B072-49C153BAAB26}.Debug|Any CPU.ActiveCfg = Debug|Any CPU
		{069A94C7-CC40-4BD4-B072-49C153BAAB26}.Debug|Any CPU.Build.0 = Debug|Any CPU
		{069A94C7-CC40-4BD4-B072-49C153BAAB26}.Debug|Any CPU.Deploy.0 = Debug|Any CPU
		{069A94C7-CC40-4BD4-B072-49C153BAAB26}.Debug|ARM.ActiveCfg = Debug|Any CPU
		{069A94C7-CC40-4BD4-B072-49C153BAAB26}.Debug|iPhone.ActiveCfg = Debug|Any CPU
		{069A94C7-CC40-4BD4-B072-49C153BAAB26}.Debug|iPhoneSimulator.ActiveCfg = Debug|Any CPU
		{069A94C7-CC40-4BD4-B072-49C153BAAB26}.Debug|Mixed Platforms.ActiveCfg = Debug|Any CPU
		{069A94C7-CC40-4BD4-B072-49C153BAAB26}.Debug|Mixed Platforms.Build.0 = Debug|Any CPU
		{069A94C7-CC40-4BD4-B072-49C153BAAB26}.Debug|Mixed Platforms.Deploy.0 = Debug|Any CPU
		{069A94C7-CC40-4BD4-B072-49C153BAAB26}.Debug|x64.ActiveCfg = Debug|Any CPU
		{069A94C7-CC40-4BD4-B072-49C153BAAB26}.Debug|x86.ActiveCfg = Debug|Any CPU
		{069A94C7-CC40-4BD4-B072-49C153BAAB26}.Debug|x86.Build.0 = Debug|Any CPU
		{069A94C7-CC40-4BD4-B072-49C153BAAB26}.Release|Any CPU.ActiveCfg = Release|Any CPU
		{069A94C7-CC40-4BD4-B072-49C153BAAB26}.Release|Any CPU.Build.0 = Release|Any CPU
		{069A94C7-CC40-4BD4-B072-49C153BAAB26}.Release|Any CPU.Deploy.0 = Release|Any CPU
		{069A94C7-CC40-4BD4-B072-49C153BAAB26}.Release|ARM.ActiveCfg = Release|Any CPU
		{069A94C7-CC40-4BD4-B072-49C153BAAB26}.Release|iPhone.ActiveCfg = Release|Any CPU
		{069A94C7-CC40-4BD4-B072-49C153BAAB26}.Release|iPhoneSimulator.ActiveCfg = Release|Any CPU
		{069A94C7-CC40-4BD4-B072-49C153BAAB26}.Release|Mixed Platforms.ActiveCfg = Release|Any CPU
		{069A94C7-CC40-4BD4-B072-49C153BAAB26}.Release|Mixed Platforms.Build.0 = Release|Any CPU
		{069A94C7-CC40-4BD4-B072-49C153BAAB26}.Release|Mixed Platforms.Deploy.0 = Release|Any CPU
		{069A94C7-CC40-4BD4-B072-49C153BAAB26}.Release|x64.ActiveCfg = Release|Any CPU
		{069A94C7-CC40-4BD4-B072-49C153BAAB26}.Release|x86.ActiveCfg = Release|Any CPU
		{481AEF68-D0C7-4179-81EE-DDF07ADFCF71}.Ad-Hoc|Any CPU.ActiveCfg = Ad-Hoc|iPhone
		{481AEF68-D0C7-4179-81EE-DDF07ADFCF71}.Ad-Hoc|ARM.ActiveCfg = Ad-Hoc|iPhone
		{481AEF68-D0C7-4179-81EE-DDF07ADFCF71}.Ad-Hoc|iPhone.ActiveCfg = Ad-Hoc|iPhone
		{481AEF68-D0C7-4179-81EE-DDF07ADFCF71}.Ad-Hoc|iPhone.Build.0 = Ad-Hoc|iPhone
		{481AEF68-D0C7-4179-81EE-DDF07ADFCF71}.Ad-Hoc|iPhoneSimulator.ActiveCfg = Ad-Hoc|iPhoneSimulator
		{481AEF68-D0C7-4179-81EE-DDF07ADFCF71}.Ad-Hoc|iPhoneSimulator.Build.0 = Ad-Hoc|iPhoneSimulator
		{481AEF68-D0C7-4179-81EE-DDF07ADFCF71}.Ad-Hoc|Mixed Platforms.ActiveCfg = Ad-Hoc|iPhone
		{481AEF68-D0C7-4179-81EE-DDF07ADFCF71}.Ad-Hoc|Mixed Platforms.Build.0 = Ad-Hoc|iPhone
		{481AEF68-D0C7-4179-81EE-DDF07ADFCF71}.Ad-Hoc|x64.ActiveCfg = Ad-Hoc|iPhone
		{481AEF68-D0C7-4179-81EE-DDF07ADFCF71}.Ad-Hoc|x86.ActiveCfg = Ad-Hoc|iPhone
		{481AEF68-D0C7-4179-81EE-DDF07ADFCF71}.AppStore|Any CPU.ActiveCfg = AppStore|iPhone
		{481AEF68-D0C7-4179-81EE-DDF07ADFCF71}.AppStore|ARM.ActiveCfg = AppStore|iPhone
		{481AEF68-D0C7-4179-81EE-DDF07ADFCF71}.AppStore|iPhone.ActiveCfg = AppStore|iPhone
		{481AEF68-D0C7-4179-81EE-DDF07ADFCF71}.AppStore|iPhone.Build.0 = AppStore|iPhone
		{481AEF68-D0C7-4179-81EE-DDF07ADFCF71}.AppStore|iPhoneSimulator.ActiveCfg = AppStore|iPhoneSimulator
		{481AEF68-D0C7-4179-81EE-DDF07ADFCF71}.AppStore|iPhoneSimulator.Build.0 = AppStore|iPhoneSimulator
		{481AEF68-D0C7-4179-81EE-DDF07ADFCF71}.AppStore|Mixed Platforms.ActiveCfg = AppStore|iPhone
		{481AEF68-D0C7-4179-81EE-DDF07ADFCF71}.AppStore|Mixed Platforms.Build.0 = AppStore|iPhone
		{481AEF68-D0C7-4179-81EE-DDF07ADFCF71}.AppStore|x64.ActiveCfg = AppStore|iPhone
		{481AEF68-D0C7-4179-81EE-DDF07ADFCF71}.AppStore|x86.ActiveCfg = AppStore|iPhone
		{481AEF68-D0C7-4179-81EE-DDF07ADFCF71}.Debug|Any CPU.ActiveCfg = Debug|iPhone
		{481AEF68-D0C7-4179-81EE-DDF07ADFCF71}.Debug|ARM.ActiveCfg = Debug|iPhone
		{481AEF68-D0C7-4179-81EE-DDF07ADFCF71}.Debug|iPhone.ActiveCfg = Debug|iPhone
		{481AEF68-D0C7-4179-81EE-DDF07ADFCF71}.Debug|iPhone.Build.0 = Debug|iPhone
		{481AEF68-D0C7-4179-81EE-DDF07ADFCF71}.Debug|iPhoneSimulator.ActiveCfg = Debug|iPhoneSimulator
		{481AEF68-D0C7-4179-81EE-DDF07ADFCF71}.Debug|iPhoneSimulator.Build.0 = Debug|iPhoneSimulator
		{481AEF68-D0C7-4179-81EE-DDF07ADFCF71}.Debug|Mixed Platforms.ActiveCfg = Debug|iPhone
		{481AEF68-D0C7-4179-81EE-DDF07ADFCF71}.Debug|Mixed Platforms.Build.0 = Debug|iPhone
		{481AEF68-D0C7-4179-81EE-DDF07ADFCF71}.Debug|x64.ActiveCfg = Debug|iPhone
		{481AEF68-D0C7-4179-81EE-DDF07ADFCF71}.Debug|x86.ActiveCfg = Debug|iPhone
		{481AEF68-D0C7-4179-81EE-DDF07ADFCF71}.Release|Any CPU.ActiveCfg = Release|iPhone
		{481AEF68-D0C7-4179-81EE-DDF07ADFCF71}.Release|ARM.ActiveCfg = Release|iPhone
		{481AEF68-D0C7-4179-81EE-DDF07ADFCF71}.Release|iPhone.ActiveCfg = Release|iPhone
		{481AEF68-D0C7-4179-81EE-DDF07ADFCF71}.Release|iPhone.Build.0 = Release|iPhone
		{481AEF68-D0C7-4179-81EE-DDF07ADFCF71}.Release|iPhoneSimulator.ActiveCfg = Release|iPhoneSimulator
		{481AEF68-D0C7-4179-81EE-DDF07ADFCF71}.Release|iPhoneSimulator.Build.0 = Release|iPhoneSimulator
		{481AEF68-D0C7-4179-81EE-DDF07ADFCF71}.Release|Mixed Platforms.ActiveCfg = Release|iPhone
		{481AEF68-D0C7-4179-81EE-DDF07ADFCF71}.Release|Mixed Platforms.Build.0 = Release|iPhone
		{481AEF68-D0C7-4179-81EE-DDF07ADFCF71}.Release|x64.ActiveCfg = Release|iPhone
		{481AEF68-D0C7-4179-81EE-DDF07ADFCF71}.Release|x86.ActiveCfg = Release|iPhone
		{67BED36A-D11C-4EBB-A08E-17D716065A08}.Ad-Hoc|Any CPU.ActiveCfg = Release|Any CPU
		{67BED36A-D11C-4EBB-A08E-17D716065A08}.Ad-Hoc|Any CPU.Build.0 = Release|Any CPU
		{67BED36A-D11C-4EBB-A08E-17D716065A08}.Ad-Hoc|ARM.ActiveCfg = Release|Any CPU
		{67BED36A-D11C-4EBB-A08E-17D716065A08}.Ad-Hoc|iPhone.ActiveCfg = Release|Any CPU
		{67BED36A-D11C-4EBB-A08E-17D716065A08}.Ad-Hoc|iPhoneSimulator.ActiveCfg = Release|Any CPU
		{67BED36A-D11C-4EBB-A08E-17D716065A08}.Ad-Hoc|Mixed Platforms.ActiveCfg = Release|Any CPU
		{67BED36A-D11C-4EBB-A08E-17D716065A08}.Ad-Hoc|Mixed Platforms.Build.0 = Release|Any CPU
		{67BED36A-D11C-4EBB-A08E-17D716065A08}.Ad-Hoc|x64.ActiveCfg = Release|Any CPU
		{67BED36A-D11C-4EBB-A08E-17D716065A08}.Ad-Hoc|x86.ActiveCfg = Release|Any CPU
		{67BED36A-D11C-4EBB-A08E-17D716065A08}.AppStore|Any CPU.ActiveCfg = Release|Any CPU
		{67BED36A-D11C-4EBB-A08E-17D716065A08}.AppStore|Any CPU.Build.0 = Release|Any CPU
		{67BED36A-D11C-4EBB-A08E-17D716065A08}.AppStore|ARM.ActiveCfg = Release|Any CPU
		{67BED36A-D11C-4EBB-A08E-17D716065A08}.AppStore|iPhone.ActiveCfg = Release|Any CPU
		{67BED36A-D11C-4EBB-A08E-17D716065A08}.AppStore|iPhoneSimulator.ActiveCfg = Release|Any CPU
		{67BED36A-D11C-4EBB-A08E-17D716065A08}.AppStore|Mixed Platforms.ActiveCfg = Release|Any CPU
		{67BED36A-D11C-4EBB-A08E-17D716065A08}.AppStore|Mixed Platforms.Build.0 = Release|Any CPU
		{67BED36A-D11C-4EBB-A08E-17D716065A08}.AppStore|x64.ActiveCfg = Release|Any CPU
		{67BED36A-D11C-4EBB-A08E-17D716065A08}.AppStore|x86.ActiveCfg = Release|Any CPU
		{67BED36A-D11C-4EBB-A08E-17D716065A08}.Debug|Any CPU.ActiveCfg = Debug|Any CPU
		{67BED36A-D11C-4EBB-A08E-17D716065A08}.Debug|Any CPU.Build.0 = Debug|Any CPU
		{67BED36A-D11C-4EBB-A08E-17D716065A08}.Debug|ARM.ActiveCfg = Debug|Any CPU
		{67BED36A-D11C-4EBB-A08E-17D716065A08}.Debug|iPhone.ActiveCfg = Debug|Any CPU
		{67BED36A-D11C-4EBB-A08E-17D716065A08}.Debug|iPhoneSimulator.ActiveCfg = Debug|Any CPU
		{67BED36A-D11C-4EBB-A08E-17D716065A08}.Debug|Mixed Platforms.ActiveCfg = Debug|Any CPU
		{67BED36A-D11C-4EBB-A08E-17D716065A08}.Debug|Mixed Platforms.Build.0 = Debug|Any CPU
		{67BED36A-D11C-4EBB-A08E-17D716065A08}.Debug|x64.ActiveCfg = Debug|Any CPU
		{67BED36A-D11C-4EBB-A08E-17D716065A08}.Debug|x86.ActiveCfg = Debug|Any CPU
		{67BED36A-D11C-4EBB-A08E-17D716065A08}.Debug|x86.Build.0 = Debug|Any CPU
		{67BED36A-D11C-4EBB-A08E-17D716065A08}.Release|Any CPU.ActiveCfg = Release|Any CPU
		{67BED36A-D11C-4EBB-A08E-17D716065A08}.Release|Any CPU.Build.0 = Release|Any CPU
		{67BED36A-D11C-4EBB-A08E-17D716065A08}.Release|ARM.ActiveCfg = Release|Any CPU
		{67BED36A-D11C-4EBB-A08E-17D716065A08}.Release|iPhone.ActiveCfg = Release|Any CPU
		{67BED36A-D11C-4EBB-A08E-17D716065A08}.Release|iPhoneSimulator.ActiveCfg = Release|Any CPU
		{67BED36A-D11C-4EBB-A08E-17D716065A08}.Release|Mixed Platforms.ActiveCfg = Release|Any CPU
		{67BED36A-D11C-4EBB-A08E-17D716065A08}.Release|Mixed Platforms.Build.0 = Release|Any CPU
		{67BED36A-D11C-4EBB-A08E-17D716065A08}.Release|x64.ActiveCfg = Release|Any CPU
		{67BED36A-D11C-4EBB-A08E-17D716065A08}.Release|x86.ActiveCfg = Release|Any CPU
		{209FA716-A7AD-4095-BD70-C8710FC66FA7}.Ad-Hoc|Any CPU.ActiveCfg = Release|Any CPU
		{209FA716-A7AD-4095-BD70-C8710FC66FA7}.Ad-Hoc|Any CPU.Build.0 = Release|Any CPU
		{209FA716-A7AD-4095-BD70-C8710FC66FA7}.Ad-Hoc|ARM.ActiveCfg = Release|Any CPU
		{209FA716-A7AD-4095-BD70-C8710FC66FA7}.Ad-Hoc|iPhone.ActiveCfg = Release|Any CPU
		{209FA716-A7AD-4095-BD70-C8710FC66FA7}.Ad-Hoc|iPhoneSimulator.ActiveCfg = Release|Any CPU
		{209FA716-A7AD-4095-BD70-C8710FC66FA7}.Ad-Hoc|Mixed Platforms.ActiveCfg = Release|Any CPU
		{209FA716-A7AD-4095-BD70-C8710FC66FA7}.Ad-Hoc|Mixed Platforms.Build.0 = Release|Any CPU
		{209FA716-A7AD-4095-BD70-C8710FC66FA7}.Ad-Hoc|x64.ActiveCfg = Release|Any CPU
		{209FA716-A7AD-4095-BD70-C8710FC66FA7}.Ad-Hoc|x86.ActiveCfg = Release|Any CPU
		{209FA716-A7AD-4095-BD70-C8710FC66FA7}.AppStore|Any CPU.ActiveCfg = Release|Any CPU
		{209FA716-A7AD-4095-BD70-C8710FC66FA7}.AppStore|Any CPU.Build.0 = Release|Any CPU
		{209FA716-A7AD-4095-BD70-C8710FC66FA7}.AppStore|ARM.ActiveCfg = Release|Any CPU
		{209FA716-A7AD-4095-BD70-C8710FC66FA7}.AppStore|iPhone.ActiveCfg = Release|Any CPU
		{209FA716-A7AD-4095-BD70-C8710FC66FA7}.AppStore|iPhoneSimulator.ActiveCfg = Release|Any CPU
		{209FA716-A7AD-4095-BD70-C8710FC66FA7}.AppStore|Mixed Platforms.ActiveCfg = Release|Any CPU
		{209FA716-A7AD-4095-BD70-C8710FC66FA7}.AppStore|Mixed Platforms.Build.0 = Release|Any CPU
		{209FA716-A7AD-4095-BD70-C8710FC66FA7}.AppStore|x64.ActiveCfg = Release|Any CPU
		{209FA716-A7AD-4095-BD70-C8710FC66FA7}.AppStore|x86.ActiveCfg = Release|Any CPU
		{209FA716-A7AD-4095-BD70-C8710FC66FA7}.Debug|Any CPU.ActiveCfg = Debug|Any CPU
		{209FA716-A7AD-4095-BD70-C8710FC66FA7}.Debug|Any CPU.Build.0 = Debug|Any CPU
		{209FA716-A7AD-4095-BD70-C8710FC66FA7}.Debug|ARM.ActiveCfg = Debug|Any CPU
		{209FA716-A7AD-4095-BD70-C8710FC66FA7}.Debug|iPhone.ActiveCfg = Debug|Any CPU
		{209FA716-A7AD-4095-BD70-C8710FC66FA7}.Debug|iPhoneSimulator.ActiveCfg = Debug|Any CPU
		{209FA716-A7AD-4095-BD70-C8710FC66FA7}.Debug|Mixed Platforms.ActiveCfg = Debug|Any CPU
		{209FA716-A7AD-4095-BD70-C8710FC66FA7}.Debug|Mixed Platforms.Build.0 = Debug|Any CPU
		{209FA716-A7AD-4095-BD70-C8710FC66FA7}.Debug|x64.ActiveCfg = Debug|Any CPU
		{209FA716-A7AD-4095-BD70-C8710FC66FA7}.Debug|x86.ActiveCfg = Debug|Any CPU
		{209FA716-A7AD-4095-BD70-C8710FC66FA7}.Debug|x86.Build.0 = Debug|Any CPU
		{209FA716-A7AD-4095-BD70-C8710FC66FA7}.Release|Any CPU.ActiveCfg = Release|Any CPU
		{209FA716-A7AD-4095-BD70-C8710FC66FA7}.Release|Any CPU.Build.0 = Release|Any CPU
		{209FA716-A7AD-4095-BD70-C8710FC66FA7}.Release|ARM.ActiveCfg = Release|Any CPU
		{209FA716-A7AD-4095-BD70-C8710FC66FA7}.Release|iPhone.ActiveCfg = Release|Any CPU
		{209FA716-A7AD-4095-BD70-C8710FC66FA7}.Release|iPhoneSimulator.ActiveCfg = Release|Any CPU
		{209FA716-A7AD-4095-BD70-C8710FC66FA7}.Release|Mixed Platforms.ActiveCfg = Release|Any CPU
		{209FA716-A7AD-4095-BD70-C8710FC66FA7}.Release|Mixed Platforms.Build.0 = Release|Any CPU
		{209FA716-A7AD-4095-BD70-C8710FC66FA7}.Release|x64.ActiveCfg = Release|Any CPU
		{209FA716-A7AD-4095-BD70-C8710FC66FA7}.Release|x86.ActiveCfg = Release|Any CPU
		{209FA716-A7AD-4095-BD70-C8710FC66FA7}.Release|x86.Build.0 = Release|Any CPU
		{D6280326-D1D3-430B-B876-6F73544A4FA4}.Ad-Hoc|Any CPU.ActiveCfg = Release|Any CPU
		{D6280326-D1D3-430B-B876-6F73544A4FA4}.Ad-Hoc|Any CPU.Build.0 = Release|Any CPU
		{D6280326-D1D3-430B-B876-6F73544A4FA4}.Ad-Hoc|ARM.ActiveCfg = Release|Any CPU
		{D6280326-D1D3-430B-B876-6F73544A4FA4}.Ad-Hoc|iPhone.ActiveCfg = Release|Any CPU
		{D6280326-D1D3-430B-B876-6F73544A4FA4}.Ad-Hoc|iPhoneSimulator.ActiveCfg = Release|Any CPU
		{D6280326-D1D3-430B-B876-6F73544A4FA4}.Ad-Hoc|Mixed Platforms.ActiveCfg = Release|Any CPU
		{D6280326-D1D3-430B-B876-6F73544A4FA4}.Ad-Hoc|Mixed Platforms.Build.0 = Release|Any CPU
		{D6280326-D1D3-430B-B876-6F73544A4FA4}.Ad-Hoc|x64.ActiveCfg = Release|Any CPU
		{D6280326-D1D3-430B-B876-6F73544A4FA4}.Ad-Hoc|x86.ActiveCfg = Release|Any CPU
		{D6280326-D1D3-430B-B876-6F73544A4FA4}.AppStore|Any CPU.ActiveCfg = Release|Any CPU
		{D6280326-D1D3-430B-B876-6F73544A4FA4}.AppStore|Any CPU.Build.0 = Release|Any CPU
		{D6280326-D1D3-430B-B876-6F73544A4FA4}.AppStore|ARM.ActiveCfg = Release|Any CPU
		{D6280326-D1D3-430B-B876-6F73544A4FA4}.AppStore|iPhone.ActiveCfg = Release|Any CPU
		{D6280326-D1D3-430B-B876-6F73544A4FA4}.AppStore|iPhoneSimulator.ActiveCfg = Release|Any CPU
		{D6280326-D1D3-430B-B876-6F73544A4FA4}.AppStore|Mixed Platforms.ActiveCfg = Release|Any CPU
		{D6280326-D1D3-430B-B876-6F73544A4FA4}.AppStore|Mixed Platforms.Build.0 = Release|Any CPU
		{D6280326-D1D3-430B-B876-6F73544A4FA4}.AppStore|x64.ActiveCfg = Release|Any CPU
		{D6280326-D1D3-430B-B876-6F73544A4FA4}.AppStore|x86.ActiveCfg = Release|Any CPU
		{D6280326-D1D3-430B-B876-6F73544A4FA4}.Debug|Any CPU.ActiveCfg = Debug|Any CPU
		{D6280326-D1D3-430B-B876-6F73544A4FA4}.Debug|Any CPU.Build.0 = Debug|Any CPU
		{D6280326-D1D3-430B-B876-6F73544A4FA4}.Debug|ARM.ActiveCfg = Debug|Any CPU
		{D6280326-D1D3-430B-B876-6F73544A4FA4}.Debug|iPhone.ActiveCfg = Debug|Any CPU
		{D6280326-D1D3-430B-B876-6F73544A4FA4}.Debug|iPhoneSimulator.ActiveCfg = Debug|Any CPU
		{D6280326-D1D3-430B-B876-6F73544A4FA4}.Debug|Mixed Platforms.ActiveCfg = Debug|Any CPU
		{D6280326-D1D3-430B-B876-6F73544A4FA4}.Debug|Mixed Platforms.Build.0 = Debug|Any CPU
		{D6280326-D1D3-430B-B876-6F73544A4FA4}.Debug|x64.ActiveCfg = Debug|Any CPU
		{D6280326-D1D3-430B-B876-6F73544A4FA4}.Debug|x86.ActiveCfg = Debug|Any CPU
		{D6280326-D1D3-430B-B876-6F73544A4FA4}.Debug|x86.Build.0 = Debug|Any CPU
		{D6280326-D1D3-430B-B876-6F73544A4FA4}.Release|Any CPU.ActiveCfg = Release|Any CPU
		{D6280326-D1D3-430B-B876-6F73544A4FA4}.Release|Any CPU.Build.0 = Release|Any CPU
		{D6280326-D1D3-430B-B876-6F73544A4FA4}.Release|ARM.ActiveCfg = Release|Any CPU
		{D6280326-D1D3-430B-B876-6F73544A4FA4}.Release|iPhone.ActiveCfg = Release|Any CPU
		{D6280326-D1D3-430B-B876-6F73544A4FA4}.Release|iPhoneSimulator.ActiveCfg = Release|Any CPU
		{D6280326-D1D3-430B-B876-6F73544A4FA4}.Release|Mixed Platforms.ActiveCfg = Release|Any CPU
		{D6280326-D1D3-430B-B876-6F73544A4FA4}.Release|Mixed Platforms.Build.0 = Release|Any CPU
		{D6280326-D1D3-430B-B876-6F73544A4FA4}.Release|x64.ActiveCfg = Release|Any CPU
		{D6280326-D1D3-430B-B876-6F73544A4FA4}.Release|x86.ActiveCfg = Release|Any CPU
		{CC098E36-DBA0-45A7-BF77-B8DD282937F6}.Ad-Hoc|Any CPU.ActiveCfg = Release|Any CPU
		{CC098E36-DBA0-45A7-BF77-B8DD282937F6}.Ad-Hoc|Any CPU.Build.0 = Release|Any CPU
		{CC098E36-DBA0-45A7-BF77-B8DD282937F6}.Ad-Hoc|ARM.ActiveCfg = Release|Any CPU
		{CC098E36-DBA0-45A7-BF77-B8DD282937F6}.Ad-Hoc|iPhone.ActiveCfg = Release|Any CPU
		{CC098E36-DBA0-45A7-BF77-B8DD282937F6}.Ad-Hoc|iPhoneSimulator.ActiveCfg = Release|Any CPU
		{CC098E36-DBA0-45A7-BF77-B8DD282937F6}.Ad-Hoc|Mixed Platforms.ActiveCfg = Release|Any CPU
		{CC098E36-DBA0-45A7-BF77-B8DD282937F6}.Ad-Hoc|Mixed Platforms.Build.0 = Release|Any CPU
		{CC098E36-DBA0-45A7-BF77-B8DD282937F6}.Ad-Hoc|x64.ActiveCfg = Release|Any CPU
		{CC098E36-DBA0-45A7-BF77-B8DD282937F6}.Ad-Hoc|x86.ActiveCfg = Release|Any CPU
		{CC098E36-DBA0-45A7-BF77-B8DD282937F6}.AppStore|Any CPU.ActiveCfg = Release|Any CPU
		{CC098E36-DBA0-45A7-BF77-B8DD282937F6}.AppStore|Any CPU.Build.0 = Release|Any CPU
		{CC098E36-DBA0-45A7-BF77-B8DD282937F6}.AppStore|ARM.ActiveCfg = Release|Any CPU
		{CC098E36-DBA0-45A7-BF77-B8DD282937F6}.AppStore|iPhone.ActiveCfg = Release|Any CPU
		{CC098E36-DBA0-45A7-BF77-B8DD282937F6}.AppStore|iPhoneSimulator.ActiveCfg = Release|Any CPU
		{CC098E36-DBA0-45A7-BF77-B8DD282937F6}.AppStore|Mixed Platforms.ActiveCfg = Release|Any CPU
		{CC098E36-DBA0-45A7-BF77-B8DD282937F6}.AppStore|Mixed Platforms.Build.0 = Release|Any CPU
		{CC098E36-DBA0-45A7-BF77-B8DD282937F6}.AppStore|x64.ActiveCfg = Release|Any CPU
		{CC098E36-DBA0-45A7-BF77-B8DD282937F6}.AppStore|x86.ActiveCfg = Release|Any CPU
		{CC098E36-DBA0-45A7-BF77-B8DD282937F6}.Debug|Any CPU.ActiveCfg = Debug|Any CPU
		{CC098E36-DBA0-45A7-BF77-B8DD282937F6}.Debug|Any CPU.Build.0 = Debug|Any CPU
		{CC098E36-DBA0-45A7-BF77-B8DD282937F6}.Debug|ARM.ActiveCfg = Debug|Any CPU
		{CC098E36-DBA0-45A7-BF77-B8DD282937F6}.Debug|iPhone.ActiveCfg = Debug|Any CPU
		{CC098E36-DBA0-45A7-BF77-B8DD282937F6}.Debug|iPhoneSimulator.ActiveCfg = Debug|Any CPU
		{CC098E36-DBA0-45A7-BF77-B8DD282937F6}.Debug|Mixed Platforms.ActiveCfg = Debug|Any CPU
		{CC098E36-DBA0-45A7-BF77-B8DD282937F6}.Debug|Mixed Platforms.Build.0 = Debug|Any CPU
		{CC098E36-DBA0-45A7-BF77-B8DD282937F6}.Debug|x64.ActiveCfg = Debug|Any CPU
		{CC098E36-DBA0-45A7-BF77-B8DD282937F6}.Debug|x86.ActiveCfg = Debug|Any CPU
		{CC098E36-DBA0-45A7-BF77-B8DD282937F6}.Debug|x86.Build.0 = Debug|Any CPU
		{CC098E36-DBA0-45A7-BF77-B8DD282937F6}.Release|Any CPU.ActiveCfg = Release|Any CPU
		{CC098E36-DBA0-45A7-BF77-B8DD282937F6}.Release|Any CPU.Build.0 = Release|Any CPU
		{CC098E36-DBA0-45A7-BF77-B8DD282937F6}.Release|ARM.ActiveCfg = Release|Any CPU
		{CC098E36-DBA0-45A7-BF77-B8DD282937F6}.Release|iPhone.ActiveCfg = Release|Any CPU
		{CC098E36-DBA0-45A7-BF77-B8DD282937F6}.Release|iPhoneSimulator.ActiveCfg = Release|Any CPU
		{CC098E36-DBA0-45A7-BF77-B8DD282937F6}.Release|Mixed Platforms.ActiveCfg = Release|Any CPU
		{CC098E36-DBA0-45A7-BF77-B8DD282937F6}.Release|Mixed Platforms.Build.0 = Release|Any CPU
		{CC098E36-DBA0-45A7-BF77-B8DD282937F6}.Release|x64.ActiveCfg = Release|Any CPU
		{CC098E36-DBA0-45A7-BF77-B8DD282937F6}.Release|x86.ActiveCfg = Release|Any CPU
		{31ADBABA-8788-4471-B19F-5DEE07F8F54A}.Ad-Hoc|Any CPU.ActiveCfg = Release|Any CPU
		{31ADBABA-8788-4471-B19F-5DEE07F8F54A}.Ad-Hoc|Any CPU.Build.0 = Release|Any CPU
		{31ADBABA-8788-4471-B19F-5DEE07F8F54A}.Ad-Hoc|ARM.ActiveCfg = Release|Any CPU
		{31ADBABA-8788-4471-B19F-5DEE07F8F54A}.Ad-Hoc|ARM.Build.0 = Release|Any CPU
		{31ADBABA-8788-4471-B19F-5DEE07F8F54A}.Ad-Hoc|iPhone.ActiveCfg = Release|Any CPU
		{31ADBABA-8788-4471-B19F-5DEE07F8F54A}.Ad-Hoc|iPhone.Build.0 = Release|Any CPU
		{31ADBABA-8788-4471-B19F-5DEE07F8F54A}.Ad-Hoc|iPhoneSimulator.ActiveCfg = Release|Any CPU
		{31ADBABA-8788-4471-B19F-5DEE07F8F54A}.Ad-Hoc|iPhoneSimulator.Build.0 = Release|Any CPU
		{31ADBABA-8788-4471-B19F-5DEE07F8F54A}.Ad-Hoc|Mixed Platforms.ActiveCfg = Release|Any CPU
		{31ADBABA-8788-4471-B19F-5DEE07F8F54A}.Ad-Hoc|Mixed Platforms.Build.0 = Release|Any CPU
		{31ADBABA-8788-4471-B19F-5DEE07F8F54A}.Ad-Hoc|x64.ActiveCfg = Release|Any CPU
		{31ADBABA-8788-4471-B19F-5DEE07F8F54A}.Ad-Hoc|x64.Build.0 = Release|Any CPU
		{31ADBABA-8788-4471-B19F-5DEE07F8F54A}.Ad-Hoc|x86.ActiveCfg = Release|Any CPU
		{31ADBABA-8788-4471-B19F-5DEE07F8F54A}.Ad-Hoc|x86.Build.0 = Release|Any CPU
		{31ADBABA-8788-4471-B19F-5DEE07F8F54A}.AppStore|Any CPU.ActiveCfg = Release|Any CPU
		{31ADBABA-8788-4471-B19F-5DEE07F8F54A}.AppStore|Any CPU.Build.0 = Release|Any CPU
		{31ADBABA-8788-4471-B19F-5DEE07F8F54A}.AppStore|ARM.ActiveCfg = Release|Any CPU
		{31ADBABA-8788-4471-B19F-5DEE07F8F54A}.AppStore|ARM.Build.0 = Release|Any CPU
		{31ADBABA-8788-4471-B19F-5DEE07F8F54A}.AppStore|iPhone.ActiveCfg = Release|Any CPU
		{31ADBABA-8788-4471-B19F-5DEE07F8F54A}.AppStore|iPhone.Build.0 = Release|Any CPU
		{31ADBABA-8788-4471-B19F-5DEE07F8F54A}.AppStore|iPhoneSimulator.ActiveCfg = Release|Any CPU
		{31ADBABA-8788-4471-B19F-5DEE07F8F54A}.AppStore|iPhoneSimulator.Build.0 = Release|Any CPU
		{31ADBABA-8788-4471-B19F-5DEE07F8F54A}.AppStore|Mixed Platforms.ActiveCfg = Release|Any CPU
		{31ADBABA-8788-4471-B19F-5DEE07F8F54A}.AppStore|Mixed Platforms.Build.0 = Release|Any CPU
		{31ADBABA-8788-4471-B19F-5DEE07F8F54A}.AppStore|x64.ActiveCfg = Release|Any CPU
		{31ADBABA-8788-4471-B19F-5DEE07F8F54A}.AppStore|x64.Build.0 = Release|Any CPU
		{31ADBABA-8788-4471-B19F-5DEE07F8F54A}.AppStore|x86.ActiveCfg = Release|Any CPU
		{31ADBABA-8788-4471-B19F-5DEE07F8F54A}.AppStore|x86.Build.0 = Release|Any CPU
		{31ADBABA-8788-4471-B19F-5DEE07F8F54A}.Debug|Any CPU.ActiveCfg = Debug|Any CPU
		{31ADBABA-8788-4471-B19F-5DEE07F8F54A}.Debug|Any CPU.Build.0 = Debug|Any CPU
		{31ADBABA-8788-4471-B19F-5DEE07F8F54A}.Debug|ARM.ActiveCfg = Debug|Any CPU
		{31ADBABA-8788-4471-B19F-5DEE07F8F54A}.Debug|ARM.Build.0 = Debug|Any CPU
		{31ADBABA-8788-4471-B19F-5DEE07F8F54A}.Debug|iPhone.ActiveCfg = Debug|Any CPU
		{31ADBABA-8788-4471-B19F-5DEE07F8F54A}.Debug|iPhone.Build.0 = Debug|Any CPU
		{31ADBABA-8788-4471-B19F-5DEE07F8F54A}.Debug|iPhoneSimulator.ActiveCfg = Debug|Any CPU
		{31ADBABA-8788-4471-B19F-5DEE07F8F54A}.Debug|iPhoneSimulator.Build.0 = Debug|Any CPU
		{31ADBABA-8788-4471-B19F-5DEE07F8F54A}.Debug|Mixed Platforms.ActiveCfg = Debug|Any CPU
		{31ADBABA-8788-4471-B19F-5DEE07F8F54A}.Debug|Mixed Platforms.Build.0 = Debug|Any CPU
		{31ADBABA-8788-4471-B19F-5DEE07F8F54A}.Debug|x64.ActiveCfg = Debug|Any CPU
		{31ADBABA-8788-4471-B19F-5DEE07F8F54A}.Debug|x64.Build.0 = Debug|Any CPU
		{31ADBABA-8788-4471-B19F-5DEE07F8F54A}.Debug|x86.ActiveCfg = Debug|Any CPU
		{31ADBABA-8788-4471-B19F-5DEE07F8F54A}.Debug|x86.Build.0 = Debug|Any CPU
		{31ADBABA-8788-4471-B19F-5DEE07F8F54A}.Release|Any CPU.ActiveCfg = Release|Any CPU
		{31ADBABA-8788-4471-B19F-5DEE07F8F54A}.Release|Any CPU.Build.0 = Release|Any CPU
		{31ADBABA-8788-4471-B19F-5DEE07F8F54A}.Release|ARM.ActiveCfg = Release|Any CPU
		{31ADBABA-8788-4471-B19F-5DEE07F8F54A}.Release|ARM.Build.0 = Release|Any CPU
		{31ADBABA-8788-4471-B19F-5DEE07F8F54A}.Release|iPhone.ActiveCfg = Release|Any CPU
		{31ADBABA-8788-4471-B19F-5DEE07F8F54A}.Release|iPhone.Build.0 = Release|Any CPU
		{31ADBABA-8788-4471-B19F-5DEE07F8F54A}.Release|iPhoneSimulator.ActiveCfg = Release|Any CPU
		{31ADBABA-8788-4471-B19F-5DEE07F8F54A}.Release|iPhoneSimulator.Build.0 = Release|Any CPU
		{31ADBABA-8788-4471-B19F-5DEE07F8F54A}.Release|Mixed Platforms.ActiveCfg = Release|Any CPU
		{31ADBABA-8788-4471-B19F-5DEE07F8F54A}.Release|Mixed Platforms.Build.0 = Release|Any CPU
		{31ADBABA-8788-4471-B19F-5DEE07F8F54A}.Release|x64.ActiveCfg = Release|Any CPU
		{31ADBABA-8788-4471-B19F-5DEE07F8F54A}.Release|x64.Build.0 = Release|Any CPU
		{31ADBABA-8788-4471-B19F-5DEE07F8F54A}.Release|x86.ActiveCfg = Release|Any CPU
		{31ADBABA-8788-4471-B19F-5DEE07F8F54A}.Release|x86.Build.0 = Release|Any CPU
		{443F05C9-184D-4847-B9DF-222ACB2E861A}.Ad-Hoc|Any CPU.ActiveCfg = Release|Any CPU
		{443F05C9-184D-4847-B9DF-222ACB2E861A}.Ad-Hoc|Any CPU.Build.0 = Release|Any CPU
		{443F05C9-184D-4847-B9DF-222ACB2E861A}.Ad-Hoc|ARM.ActiveCfg = Release|Any CPU
		{443F05C9-184D-4847-B9DF-222ACB2E861A}.Ad-Hoc|ARM.Build.0 = Release|Any CPU
		{443F05C9-184D-4847-B9DF-222ACB2E861A}.Ad-Hoc|iPhone.ActiveCfg = Release|Any CPU
		{443F05C9-184D-4847-B9DF-222ACB2E861A}.Ad-Hoc|iPhone.Build.0 = Release|Any CPU
		{443F05C9-184D-4847-B9DF-222ACB2E861A}.Ad-Hoc|iPhoneSimulator.ActiveCfg = Release|Any CPU
		{443F05C9-184D-4847-B9DF-222ACB2E861A}.Ad-Hoc|iPhoneSimulator.Build.0 = Release|Any CPU
		{443F05C9-184D-4847-B9DF-222ACB2E861A}.Ad-Hoc|Mixed Platforms.ActiveCfg = Release|Any CPU
		{443F05C9-184D-4847-B9DF-222ACB2E861A}.Ad-Hoc|Mixed Platforms.Build.0 = Release|Any CPU
		{443F05C9-184D-4847-B9DF-222ACB2E861A}.Ad-Hoc|x64.ActiveCfg = Release|Any CPU
		{443F05C9-184D-4847-B9DF-222ACB2E861A}.Ad-Hoc|x64.Build.0 = Release|Any CPU
		{443F05C9-184D-4847-B9DF-222ACB2E861A}.Ad-Hoc|x86.ActiveCfg = Release|Any CPU
		{443F05C9-184D-4847-B9DF-222ACB2E861A}.Ad-Hoc|x86.Build.0 = Release|Any CPU
		{443F05C9-184D-4847-B9DF-222ACB2E861A}.AppStore|Any CPU.ActiveCfg = Release|Any CPU
		{443F05C9-184D-4847-B9DF-222ACB2E861A}.AppStore|Any CPU.Build.0 = Release|Any CPU
		{443F05C9-184D-4847-B9DF-222ACB2E861A}.AppStore|ARM.ActiveCfg = Release|Any CPU
		{443F05C9-184D-4847-B9DF-222ACB2E861A}.AppStore|ARM.Build.0 = Release|Any CPU
		{443F05C9-184D-4847-B9DF-222ACB2E861A}.AppStore|iPhone.ActiveCfg = Release|Any CPU
		{443F05C9-184D-4847-B9DF-222ACB2E861A}.AppStore|iPhone.Build.0 = Release|Any CPU
		{443F05C9-184D-4847-B9DF-222ACB2E861A}.AppStore|iPhoneSimulator.ActiveCfg = Release|Any CPU
		{443F05C9-184D-4847-B9DF-222ACB2E861A}.AppStore|iPhoneSimulator.Build.0 = Release|Any CPU
		{443F05C9-184D-4847-B9DF-222ACB2E861A}.AppStore|Mixed Platforms.ActiveCfg = Release|Any CPU
		{443F05C9-184D-4847-B9DF-222ACB2E861A}.AppStore|Mixed Platforms.Build.0 = Release|Any CPU
		{443F05C9-184D-4847-B9DF-222ACB2E861A}.AppStore|x64.ActiveCfg = Release|Any CPU
		{443F05C9-184D-4847-B9DF-222ACB2E861A}.AppStore|x64.Build.0 = Release|Any CPU
		{443F05C9-184D-4847-B9DF-222ACB2E861A}.AppStore|x86.ActiveCfg = Release|Any CPU
		{443F05C9-184D-4847-B9DF-222ACB2E861A}.AppStore|x86.Build.0 = Release|Any CPU
		{443F05C9-184D-4847-B9DF-222ACB2E861A}.Debug|Any CPU.ActiveCfg = Debug|Any CPU
		{443F05C9-184D-4847-B9DF-222ACB2E861A}.Debug|Any CPU.Build.0 = Debug|Any CPU
		{443F05C9-184D-4847-B9DF-222ACB2E861A}.Debug|ARM.ActiveCfg = Debug|Any CPU
		{443F05C9-184D-4847-B9DF-222ACB2E861A}.Debug|ARM.Build.0 = Debug|Any CPU
		{443F05C9-184D-4847-B9DF-222ACB2E861A}.Debug|iPhone.ActiveCfg = Debug|Any CPU
		{443F05C9-184D-4847-B9DF-222ACB2E861A}.Debug|iPhone.Build.0 = Debug|Any CPU
		{443F05C9-184D-4847-B9DF-222ACB2E861A}.Debug|iPhoneSimulator.ActiveCfg = Debug|Any CPU
		{443F05C9-184D-4847-B9DF-222ACB2E861A}.Debug|iPhoneSimulator.Build.0 = Debug|Any CPU
		{443F05C9-184D-4847-B9DF-222ACB2E861A}.Debug|Mixed Platforms.ActiveCfg = Debug|Any CPU
		{443F05C9-184D-4847-B9DF-222ACB2E861A}.Debug|Mixed Platforms.Build.0 = Debug|Any CPU
		{443F05C9-184D-4847-B9DF-222ACB2E861A}.Debug|x64.ActiveCfg = Debug|Any CPU
		{443F05C9-184D-4847-B9DF-222ACB2E861A}.Debug|x64.Build.0 = Debug|Any CPU
		{443F05C9-184D-4847-B9DF-222ACB2E861A}.Debug|x86.ActiveCfg = Debug|Any CPU
		{443F05C9-184D-4847-B9DF-222ACB2E861A}.Debug|x86.Build.0 = Debug|Any CPU
		{443F05C9-184D-4847-B9DF-222ACB2E861A}.Release|Any CPU.ActiveCfg = Release|Any CPU
		{443F05C9-184D-4847-B9DF-222ACB2E861A}.Release|Any CPU.Build.0 = Release|Any CPU
		{443F05C9-184D-4847-B9DF-222ACB2E861A}.Release|ARM.ActiveCfg = Release|Any CPU
		{443F05C9-184D-4847-B9DF-222ACB2E861A}.Release|ARM.Build.0 = Release|Any CPU
		{443F05C9-184D-4847-B9DF-222ACB2E861A}.Release|iPhone.ActiveCfg = Release|Any CPU
		{443F05C9-184D-4847-B9DF-222ACB2E861A}.Release|iPhone.Build.0 = Release|Any CPU
		{443F05C9-184D-4847-B9DF-222ACB2E861A}.Release|iPhoneSimulator.ActiveCfg = Release|Any CPU
		{443F05C9-184D-4847-B9DF-222ACB2E861A}.Release|iPhoneSimulator.Build.0 = Release|Any CPU
		{443F05C9-184D-4847-B9DF-222ACB2E861A}.Release|Mixed Platforms.ActiveCfg = Release|Any CPU
		{443F05C9-184D-4847-B9DF-222ACB2E861A}.Release|Mixed Platforms.Build.0 = Release|Any CPU
		{443F05C9-184D-4847-B9DF-222ACB2E861A}.Release|x64.ActiveCfg = Release|Any CPU
		{443F05C9-184D-4847-B9DF-222ACB2E861A}.Release|x64.Build.0 = Release|Any CPU
		{443F05C9-184D-4847-B9DF-222ACB2E861A}.Release|x86.ActiveCfg = Release|Any CPU
		{443F05C9-184D-4847-B9DF-222ACB2E861A}.Release|x86.Build.0 = Release|Any CPU
		{4EF5F453-44BD-481E-8A22-720E525408E4}.Ad-Hoc|Any CPU.ActiveCfg = Release|Any CPU
		{4EF5F453-44BD-481E-8A22-720E525408E4}.Ad-Hoc|Any CPU.Build.0 = Release|Any CPU
		{4EF5F453-44BD-481E-8A22-720E525408E4}.Ad-Hoc|Any CPU.Deploy.0 = Release|Any CPU
		{4EF5F453-44BD-481E-8A22-720E525408E4}.Ad-Hoc|ARM.ActiveCfg = Release|ARM
		{4EF5F453-44BD-481E-8A22-720E525408E4}.Ad-Hoc|ARM.Build.0 = Release|ARM
		{4EF5F453-44BD-481E-8A22-720E525408E4}.Ad-Hoc|ARM.Deploy.0 = Release|ARM
		{4EF5F453-44BD-481E-8A22-720E525408E4}.Ad-Hoc|iPhone.ActiveCfg = Release|Any CPU
		{4EF5F453-44BD-481E-8A22-720E525408E4}.Ad-Hoc|iPhone.Build.0 = Release|Any CPU
		{4EF5F453-44BD-481E-8A22-720E525408E4}.Ad-Hoc|iPhone.Deploy.0 = Release|Any CPU
		{4EF5F453-44BD-481E-8A22-720E525408E4}.Ad-Hoc|iPhoneSimulator.ActiveCfg = Release|Any CPU
		{4EF5F453-44BD-481E-8A22-720E525408E4}.Ad-Hoc|iPhoneSimulator.Build.0 = Release|Any CPU
		{4EF5F453-44BD-481E-8A22-720E525408E4}.Ad-Hoc|iPhoneSimulator.Deploy.0 = Release|Any CPU
		{4EF5F453-44BD-481E-8A22-720E525408E4}.Ad-Hoc|Mixed Platforms.ActiveCfg = Release|x86
		{4EF5F453-44BD-481E-8A22-720E525408E4}.Ad-Hoc|Mixed Platforms.Build.0 = Release|x86
		{4EF5F453-44BD-481E-8A22-720E525408E4}.Ad-Hoc|Mixed Platforms.Deploy.0 = Release|x86
		{4EF5F453-44BD-481E-8A22-720E525408E4}.Ad-Hoc|x64.ActiveCfg = Release|x64
		{4EF5F453-44BD-481E-8A22-720E525408E4}.Ad-Hoc|x64.Build.0 = Release|x64
		{4EF5F453-44BD-481E-8A22-720E525408E4}.Ad-Hoc|x64.Deploy.0 = Release|x64
		{4EF5F453-44BD-481E-8A22-720E525408E4}.Ad-Hoc|x86.ActiveCfg = Release|x86
		{4EF5F453-44BD-481E-8A22-720E525408E4}.Ad-Hoc|x86.Build.0 = Release|x86
		{4EF5F453-44BD-481E-8A22-720E525408E4}.Ad-Hoc|x86.Deploy.0 = Release|x86
		{4EF5F453-44BD-481E-8A22-720E525408E4}.AppStore|Any CPU.ActiveCfg = Release|Any CPU
		{4EF5F453-44BD-481E-8A22-720E525408E4}.AppStore|Any CPU.Build.0 = Release|Any CPU
		{4EF5F453-44BD-481E-8A22-720E525408E4}.AppStore|Any CPU.Deploy.0 = Release|Any CPU
		{4EF5F453-44BD-481E-8A22-720E525408E4}.AppStore|ARM.ActiveCfg = Release|ARM
		{4EF5F453-44BD-481E-8A22-720E525408E4}.AppStore|ARM.Build.0 = Release|ARM
		{4EF5F453-44BD-481E-8A22-720E525408E4}.AppStore|ARM.Deploy.0 = Release|ARM
		{4EF5F453-44BD-481E-8A22-720E525408E4}.AppStore|iPhone.ActiveCfg = Release|Any CPU
		{4EF5F453-44BD-481E-8A22-720E525408E4}.AppStore|iPhone.Build.0 = Release|Any CPU
		{4EF5F453-44BD-481E-8A22-720E525408E4}.AppStore|iPhone.Deploy.0 = Release|Any CPU
		{4EF5F453-44BD-481E-8A22-720E525408E4}.AppStore|iPhoneSimulator.ActiveCfg = Release|Any CPU
		{4EF5F453-44BD-481E-8A22-720E525408E4}.AppStore|iPhoneSimulator.Build.0 = Release|Any CPU
		{4EF5F453-44BD-481E-8A22-720E525408E4}.AppStore|iPhoneSimulator.Deploy.0 = Release|Any CPU
		{4EF5F453-44BD-481E-8A22-720E525408E4}.AppStore|Mixed Platforms.ActiveCfg = Release|x86
		{4EF5F453-44BD-481E-8A22-720E525408E4}.AppStore|Mixed Platforms.Build.0 = Release|x86
		{4EF5F453-44BD-481E-8A22-720E525408E4}.AppStore|Mixed Platforms.Deploy.0 = Release|x86
		{4EF5F453-44BD-481E-8A22-720E525408E4}.AppStore|x64.ActiveCfg = Release|x64
		{4EF5F453-44BD-481E-8A22-720E525408E4}.AppStore|x64.Build.0 = Release|x64
		{4EF5F453-44BD-481E-8A22-720E525408E4}.AppStore|x64.Deploy.0 = Release|x64
		{4EF5F453-44BD-481E-8A22-720E525408E4}.AppStore|x86.ActiveCfg = Release|x86
		{4EF5F453-44BD-481E-8A22-720E525408E4}.AppStore|x86.Build.0 = Release|x86
		{4EF5F453-44BD-481E-8A22-720E525408E4}.AppStore|x86.Deploy.0 = Release|x86
		{4EF5F453-44BD-481E-8A22-720E525408E4}.Debug|Any CPU.ActiveCfg = Debug|Any CPU
		{4EF5F453-44BD-481E-8A22-720E525408E4}.Debug|Any CPU.Build.0 = Debug|Any CPU
		{4EF5F453-44BD-481E-8A22-720E525408E4}.Debug|Any CPU.Deploy.0 = Debug|Any CPU
		{4EF5F453-44BD-481E-8A22-720E525408E4}.Debug|ARM.ActiveCfg = Debug|ARM
		{4EF5F453-44BD-481E-8A22-720E525408E4}.Debug|ARM.Build.0 = Debug|ARM
		{4EF5F453-44BD-481E-8A22-720E525408E4}.Debug|ARM.Deploy.0 = Debug|ARM
		{4EF5F453-44BD-481E-8A22-720E525408E4}.Debug|iPhone.ActiveCfg = Debug|Any CPU
		{4EF5F453-44BD-481E-8A22-720E525408E4}.Debug|iPhone.Build.0 = Debug|Any CPU
		{4EF5F453-44BD-481E-8A22-720E525408E4}.Debug|iPhone.Deploy.0 = Debug|Any CPU
		{4EF5F453-44BD-481E-8A22-720E525408E4}.Debug|iPhoneSimulator.ActiveCfg = Debug|Any CPU
		{4EF5F453-44BD-481E-8A22-720E525408E4}.Debug|iPhoneSimulator.Build.0 = Debug|Any CPU
		{4EF5F453-44BD-481E-8A22-720E525408E4}.Debug|iPhoneSimulator.Deploy.0 = Debug|Any CPU
		{4EF5F453-44BD-481E-8A22-720E525408E4}.Debug|Mixed Platforms.ActiveCfg = Debug|x86
		{4EF5F453-44BD-481E-8A22-720E525408E4}.Debug|Mixed Platforms.Build.0 = Debug|x86
		{4EF5F453-44BD-481E-8A22-720E525408E4}.Debug|Mixed Platforms.Deploy.0 = Debug|x86
		{4EF5F453-44BD-481E-8A22-720E525408E4}.Debug|x64.ActiveCfg = Debug|x64
		{4EF5F453-44BD-481E-8A22-720E525408E4}.Debug|x64.Build.0 = Debug|x64
		{4EF5F453-44BD-481E-8A22-720E525408E4}.Debug|x64.Deploy.0 = Debug|x64
		{4EF5F453-44BD-481E-8A22-720E525408E4}.Debug|x86.ActiveCfg = Debug|x86
		{4EF5F453-44BD-481E-8A22-720E525408E4}.Debug|x86.Build.0 = Debug|x86
		{4EF5F453-44BD-481E-8A22-720E525408E4}.Debug|x86.Deploy.0 = Debug|x86
		{4EF5F453-44BD-481E-8A22-720E525408E4}.Release|Any CPU.ActiveCfg = Release|Any CPU
		{4EF5F453-44BD-481E-8A22-720E525408E4}.Release|Any CPU.Build.0 = Release|Any CPU
		{4EF5F453-44BD-481E-8A22-720E525408E4}.Release|Any CPU.Deploy.0 = Release|Any CPU
		{4EF5F453-44BD-481E-8A22-720E525408E4}.Release|ARM.ActiveCfg = Release|ARM
		{4EF5F453-44BD-481E-8A22-720E525408E4}.Release|ARM.Build.0 = Release|ARM
		{4EF5F453-44BD-481E-8A22-720E525408E4}.Release|ARM.Deploy.0 = Release|ARM
		{4EF5F453-44BD-481E-8A22-720E525408E4}.Release|iPhone.ActiveCfg = Release|Any CPU
		{4EF5F453-44BD-481E-8A22-720E525408E4}.Release|iPhone.Build.0 = Release|Any CPU
		{4EF5F453-44BD-481E-8A22-720E525408E4}.Release|iPhone.Deploy.0 = Release|Any CPU
		{4EF5F453-44BD-481E-8A22-720E525408E4}.Release|iPhoneSimulator.ActiveCfg = Release|Any CPU
		{4EF5F453-44BD-481E-8A22-720E525408E4}.Release|iPhoneSimulator.Build.0 = Release|Any CPU
		{4EF5F453-44BD-481E-8A22-720E525408E4}.Release|iPhoneSimulator.Deploy.0 = Release|Any CPU
		{4EF5F453-44BD-481E-8A22-720E525408E4}.Release|Mixed Platforms.ActiveCfg = Release|x86
		{4EF5F453-44BD-481E-8A22-720E525408E4}.Release|Mixed Platforms.Build.0 = Release|x86
		{4EF5F453-44BD-481E-8A22-720E525408E4}.Release|Mixed Platforms.Deploy.0 = Release|x86
		{4EF5F453-44BD-481E-8A22-720E525408E4}.Release|x64.ActiveCfg = Release|x64
		{4EF5F453-44BD-481E-8A22-720E525408E4}.Release|x64.Build.0 = Release|x64
		{4EF5F453-44BD-481E-8A22-720E525408E4}.Release|x64.Deploy.0 = Release|x64
		{4EF5F453-44BD-481E-8A22-720E525408E4}.Release|x86.ActiveCfg = Release|x86
		{4EF5F453-44BD-481E-8A22-720E525408E4}.Release|x86.Build.0 = Release|x86
		{4EF5F453-44BD-481E-8A22-720E525408E4}.Release|x86.Deploy.0 = Release|x86
		{129836AA-5439-4853-B9F5-ED3C6F004494}.Ad-Hoc|Any CPU.ActiveCfg = Release|Any CPU
		{129836AA-5439-4853-B9F5-ED3C6F004494}.Ad-Hoc|Any CPU.Build.0 = Release|Any CPU
		{129836AA-5439-4853-B9F5-ED3C6F004494}.Ad-Hoc|ARM.ActiveCfg = Release|Any CPU
		{129836AA-5439-4853-B9F5-ED3C6F004494}.Ad-Hoc|ARM.Build.0 = Release|Any CPU
		{129836AA-5439-4853-B9F5-ED3C6F004494}.Ad-Hoc|iPhone.ActiveCfg = Release|Any CPU
		{129836AA-5439-4853-B9F5-ED3C6F004494}.Ad-Hoc|iPhone.Build.0 = Release|Any CPU
		{129836AA-5439-4853-B9F5-ED3C6F004494}.Ad-Hoc|iPhoneSimulator.ActiveCfg = Release|Any CPU
		{129836AA-5439-4853-B9F5-ED3C6F004494}.Ad-Hoc|iPhoneSimulator.Build.0 = Release|Any CPU
		{129836AA-5439-4853-B9F5-ED3C6F004494}.Ad-Hoc|Mixed Platforms.ActiveCfg = Release|Any CPU
		{129836AA-5439-4853-B9F5-ED3C6F004494}.Ad-Hoc|Mixed Platforms.Build.0 = Release|Any CPU
		{129836AA-5439-4853-B9F5-ED3C6F004494}.Ad-Hoc|x64.ActiveCfg = Release|Any CPU
		{129836AA-5439-4853-B9F5-ED3C6F004494}.Ad-Hoc|x64.Build.0 = Release|Any CPU
		{129836AA-5439-4853-B9F5-ED3C6F004494}.Ad-Hoc|x86.ActiveCfg = Release|Any CPU
		{129836AA-5439-4853-B9F5-ED3C6F004494}.Ad-Hoc|x86.Build.0 = Release|Any CPU
		{129836AA-5439-4853-B9F5-ED3C6F004494}.AppStore|Any CPU.ActiveCfg = Release|Any CPU
		{129836AA-5439-4853-B9F5-ED3C6F004494}.AppStore|Any CPU.Build.0 = Release|Any CPU
		{129836AA-5439-4853-B9F5-ED3C6F004494}.AppStore|ARM.ActiveCfg = Release|Any CPU
		{129836AA-5439-4853-B9F5-ED3C6F004494}.AppStore|ARM.Build.0 = Release|Any CPU
		{129836AA-5439-4853-B9F5-ED3C6F004494}.AppStore|iPhone.ActiveCfg = Release|Any CPU
		{129836AA-5439-4853-B9F5-ED3C6F004494}.AppStore|iPhone.Build.0 = Release|Any CPU
		{129836AA-5439-4853-B9F5-ED3C6F004494}.AppStore|iPhoneSimulator.ActiveCfg = Release|Any CPU
		{129836AA-5439-4853-B9F5-ED3C6F004494}.AppStore|iPhoneSimulator.Build.0 = Release|Any CPU
		{129836AA-5439-4853-B9F5-ED3C6F004494}.AppStore|Mixed Platforms.ActiveCfg = Release|Any CPU
		{129836AA-5439-4853-B9F5-ED3C6F004494}.AppStore|Mixed Platforms.Build.0 = Release|Any CPU
		{129836AA-5439-4853-B9F5-ED3C6F004494}.AppStore|x64.ActiveCfg = Release|Any CPU
		{129836AA-5439-4853-B9F5-ED3C6F004494}.AppStore|x64.Build.0 = Release|Any CPU
		{129836AA-5439-4853-B9F5-ED3C6F004494}.AppStore|x86.ActiveCfg = Release|Any CPU
		{129836AA-5439-4853-B9F5-ED3C6F004494}.AppStore|x86.Build.0 = Release|Any CPU
		{129836AA-5439-4853-B9F5-ED3C6F004494}.Debug|Any CPU.ActiveCfg = Debug|Any CPU
		{129836AA-5439-4853-B9F5-ED3C6F004494}.Debug|Any CPU.Build.0 = Debug|Any CPU
		{129836AA-5439-4853-B9F5-ED3C6F004494}.Debug|ARM.ActiveCfg = Debug|Any CPU
		{129836AA-5439-4853-B9F5-ED3C6F004494}.Debug|ARM.Build.0 = Debug|Any CPU
		{129836AA-5439-4853-B9F5-ED3C6F004494}.Debug|iPhone.ActiveCfg = Debug|Any CPU
		{129836AA-5439-4853-B9F5-ED3C6F004494}.Debug|iPhone.Build.0 = Debug|Any CPU
		{129836AA-5439-4853-B9F5-ED3C6F004494}.Debug|iPhoneSimulator.ActiveCfg = Debug|Any CPU
		{129836AA-5439-4853-B9F5-ED3C6F004494}.Debug|iPhoneSimulator.Build.0 = Debug|Any CPU
		{129836AA-5439-4853-B9F5-ED3C6F004494}.Debug|Mixed Platforms.ActiveCfg = Debug|Any CPU
		{129836AA-5439-4853-B9F5-ED3C6F004494}.Debug|Mixed Platforms.Build.0 = Debug|Any CPU
		{129836AA-5439-4853-B9F5-ED3C6F004494}.Debug|x64.ActiveCfg = Debug|Any CPU
		{129836AA-5439-4853-B9F5-ED3C6F004494}.Debug|x64.Build.0 = Debug|Any CPU
		{129836AA-5439-4853-B9F5-ED3C6F004494}.Debug|x86.ActiveCfg = Debug|Any CPU
		{129836AA-5439-4853-B9F5-ED3C6F004494}.Debug|x86.Build.0 = Debug|Any CPU
		{129836AA-5439-4853-B9F5-ED3C6F004494}.Release|Any CPU.ActiveCfg = Release|Any CPU
		{129836AA-5439-4853-B9F5-ED3C6F004494}.Release|Any CPU.Build.0 = Release|Any CPU
		{129836AA-5439-4853-B9F5-ED3C6F004494}.Release|ARM.ActiveCfg = Release|Any CPU
		{129836AA-5439-4853-B9F5-ED3C6F004494}.Release|ARM.Build.0 = Release|Any CPU
		{129836AA-5439-4853-B9F5-ED3C6F004494}.Release|iPhone.ActiveCfg = Release|Any CPU
		{129836AA-5439-4853-B9F5-ED3C6F004494}.Release|iPhone.Build.0 = Release|Any CPU
		{129836AA-5439-4853-B9F5-ED3C6F004494}.Release|iPhoneSimulator.ActiveCfg = Release|Any CPU
		{129836AA-5439-4853-B9F5-ED3C6F004494}.Release|iPhoneSimulator.Build.0 = Release|Any CPU
		{129836AA-5439-4853-B9F5-ED3C6F004494}.Release|Mixed Platforms.ActiveCfg = Release|Any CPU
		{129836AA-5439-4853-B9F5-ED3C6F004494}.Release|Mixed Platforms.Build.0 = Release|Any CPU
		{129836AA-5439-4853-B9F5-ED3C6F004494}.Release|x64.ActiveCfg = Release|Any CPU
		{129836AA-5439-4853-B9F5-ED3C6F004494}.Release|x64.Build.0 = Release|Any CPU
		{129836AA-5439-4853-B9F5-ED3C6F004494}.Release|x86.ActiveCfg = Release|Any CPU
		{129836AA-5439-4853-B9F5-ED3C6F004494}.Release|x86.Build.0 = Release|Any CPU
		{1856C790-4C71-44FC-A271-6A5CDD9B22CE}.Ad-Hoc|Any CPU.ActiveCfg = Release|Any CPU
		{1856C790-4C71-44FC-A271-6A5CDD9B22CE}.Ad-Hoc|Any CPU.Build.0 = Release|Any CPU
		{1856C790-4C71-44FC-A271-6A5CDD9B22CE}.Ad-Hoc|ARM.ActiveCfg = Release|Any CPU
		{1856C790-4C71-44FC-A271-6A5CDD9B22CE}.Ad-Hoc|ARM.Build.0 = Release|Any CPU
		{1856C790-4C71-44FC-A271-6A5CDD9B22CE}.Ad-Hoc|iPhone.ActiveCfg = Release|Any CPU
		{1856C790-4C71-44FC-A271-6A5CDD9B22CE}.Ad-Hoc|iPhone.Build.0 = Release|Any CPU
		{1856C790-4C71-44FC-A271-6A5CDD9B22CE}.Ad-Hoc|iPhoneSimulator.ActiveCfg = Release|Any CPU
		{1856C790-4C71-44FC-A271-6A5CDD9B22CE}.Ad-Hoc|iPhoneSimulator.Build.0 = Release|Any CPU
		{1856C790-4C71-44FC-A271-6A5CDD9B22CE}.Ad-Hoc|Mixed Platforms.ActiveCfg = Release|Any CPU
		{1856C790-4C71-44FC-A271-6A5CDD9B22CE}.Ad-Hoc|Mixed Platforms.Build.0 = Release|Any CPU
		{1856C790-4C71-44FC-A271-6A5CDD9B22CE}.Ad-Hoc|x64.ActiveCfg = Release|Any CPU
		{1856C790-4C71-44FC-A271-6A5CDD9B22CE}.Ad-Hoc|x64.Build.0 = Release|Any CPU
		{1856C790-4C71-44FC-A271-6A5CDD9B22CE}.Ad-Hoc|x86.ActiveCfg = Release|Any CPU
		{1856C790-4C71-44FC-A271-6A5CDD9B22CE}.Ad-Hoc|x86.Build.0 = Release|Any CPU
		{1856C790-4C71-44FC-A271-6A5CDD9B22CE}.AppStore|Any CPU.ActiveCfg = Release|Any CPU
		{1856C790-4C71-44FC-A271-6A5CDD9B22CE}.AppStore|Any CPU.Build.0 = Release|Any CPU
		{1856C790-4C71-44FC-A271-6A5CDD9B22CE}.AppStore|ARM.ActiveCfg = Release|Any CPU
		{1856C790-4C71-44FC-A271-6A5CDD9B22CE}.AppStore|ARM.Build.0 = Release|Any CPU
		{1856C790-4C71-44FC-A271-6A5CDD9B22CE}.AppStore|iPhone.ActiveCfg = Release|Any CPU
		{1856C790-4C71-44FC-A271-6A5CDD9B22CE}.AppStore|iPhone.Build.0 = Release|Any CPU
		{1856C790-4C71-44FC-A271-6A5CDD9B22CE}.AppStore|iPhoneSimulator.ActiveCfg = Release|Any CPU
		{1856C790-4C71-44FC-A271-6A5CDD9B22CE}.AppStore|iPhoneSimulator.Build.0 = Release|Any CPU
		{1856C790-4C71-44FC-A271-6A5CDD9B22CE}.AppStore|Mixed Platforms.ActiveCfg = Release|Any CPU
		{1856C790-4C71-44FC-A271-6A5CDD9B22CE}.AppStore|Mixed Platforms.Build.0 = Release|Any CPU
		{1856C790-4C71-44FC-A271-6A5CDD9B22CE}.AppStore|x64.ActiveCfg = Release|Any CPU
		{1856C790-4C71-44FC-A271-6A5CDD9B22CE}.AppStore|x64.Build.0 = Release|Any CPU
		{1856C790-4C71-44FC-A271-6A5CDD9B22CE}.AppStore|x86.ActiveCfg = Release|Any CPU
		{1856C790-4C71-44FC-A271-6A5CDD9B22CE}.AppStore|x86.Build.0 = Release|Any CPU
		{1856C790-4C71-44FC-A271-6A5CDD9B22CE}.Debug|Any CPU.ActiveCfg = Debug|Any CPU
		{1856C790-4C71-44FC-A271-6A5CDD9B22CE}.Debug|Any CPU.Build.0 = Debug|Any CPU
		{1856C790-4C71-44FC-A271-6A5CDD9B22CE}.Debug|ARM.ActiveCfg = Debug|Any CPU
		{1856C790-4C71-44FC-A271-6A5CDD9B22CE}.Debug|ARM.Build.0 = Debug|Any CPU
		{1856C790-4C71-44FC-A271-6A5CDD9B22CE}.Debug|iPhone.ActiveCfg = Debug|Any CPU
		{1856C790-4C71-44FC-A271-6A5CDD9B22CE}.Debug|iPhone.Build.0 = Debug|Any CPU
		{1856C790-4C71-44FC-A271-6A5CDD9B22CE}.Debug|iPhoneSimulator.ActiveCfg = Debug|Any CPU
		{1856C790-4C71-44FC-A271-6A5CDD9B22CE}.Debug|iPhoneSimulator.Build.0 = Debug|Any CPU
		{1856C790-4C71-44FC-A271-6A5CDD9B22CE}.Debug|Mixed Platforms.ActiveCfg = Debug|Any CPU
		{1856C790-4C71-44FC-A271-6A5CDD9B22CE}.Debug|Mixed Platforms.Build.0 = Debug|Any CPU
		{1856C790-4C71-44FC-A271-6A5CDD9B22CE}.Debug|x64.ActiveCfg = Debug|Any CPU
		{1856C790-4C71-44FC-A271-6A5CDD9B22CE}.Debug|x64.Build.0 = Debug|Any CPU
		{1856C790-4C71-44FC-A271-6A5CDD9B22CE}.Debug|x86.ActiveCfg = Debug|Any CPU
		{1856C790-4C71-44FC-A271-6A5CDD9B22CE}.Debug|x86.Build.0 = Debug|Any CPU
		{1856C790-4C71-44FC-A271-6A5CDD9B22CE}.Release|Any CPU.ActiveCfg = Release|Any CPU
		{1856C790-4C71-44FC-A271-6A5CDD9B22CE}.Release|Any CPU.Build.0 = Release|Any CPU
		{1856C790-4C71-44FC-A271-6A5CDD9B22CE}.Release|ARM.ActiveCfg = Release|Any CPU
		{1856C790-4C71-44FC-A271-6A5CDD9B22CE}.Release|ARM.Build.0 = Release|Any CPU
		{1856C790-4C71-44FC-A271-6A5CDD9B22CE}.Release|iPhone.ActiveCfg = Release|Any CPU
		{1856C790-4C71-44FC-A271-6A5CDD9B22CE}.Release|iPhone.Build.0 = Release|Any CPU
		{1856C790-4C71-44FC-A271-6A5CDD9B22CE}.Release|iPhoneSimulator.ActiveCfg = Release|Any CPU
		{1856C790-4C71-44FC-A271-6A5CDD9B22CE}.Release|iPhoneSimulator.Build.0 = Release|Any CPU
		{1856C790-4C71-44FC-A271-6A5CDD9B22CE}.Release|Mixed Platforms.ActiveCfg = Release|Any CPU
		{1856C790-4C71-44FC-A271-6A5CDD9B22CE}.Release|Mixed Platforms.Build.0 = Release|Any CPU
		{1856C790-4C71-44FC-A271-6A5CDD9B22CE}.Release|x64.ActiveCfg = Release|Any CPU
		{1856C790-4C71-44FC-A271-6A5CDD9B22CE}.Release|x64.Build.0 = Release|Any CPU
		{1856C790-4C71-44FC-A271-6A5CDD9B22CE}.Release|x86.ActiveCfg = Release|Any CPU
		{1856C790-4C71-44FC-A271-6A5CDD9B22CE}.Release|x86.Build.0 = Release|Any CPU
		{FD17AD8E-6A3F-4C1D-A7CB-DCBF6A125897}.Ad-Hoc|Any CPU.ActiveCfg = Release|Any CPU
		{FD17AD8E-6A3F-4C1D-A7CB-DCBF6A125897}.Ad-Hoc|Any CPU.Build.0 = Release|Any CPU
		{FD17AD8E-6A3F-4C1D-A7CB-DCBF6A125897}.Ad-Hoc|ARM.ActiveCfg = Release|Any CPU
		{FD17AD8E-6A3F-4C1D-A7CB-DCBF6A125897}.Ad-Hoc|ARM.Build.0 = Release|Any CPU
		{FD17AD8E-6A3F-4C1D-A7CB-DCBF6A125897}.Ad-Hoc|iPhone.ActiveCfg = Release|Any CPU
		{FD17AD8E-6A3F-4C1D-A7CB-DCBF6A125897}.Ad-Hoc|iPhone.Build.0 = Release|Any CPU
		{FD17AD8E-6A3F-4C1D-A7CB-DCBF6A125897}.Ad-Hoc|iPhoneSimulator.ActiveCfg = Release|Any CPU
		{FD17AD8E-6A3F-4C1D-A7CB-DCBF6A125897}.Ad-Hoc|iPhoneSimulator.Build.0 = Release|Any CPU
		{FD17AD8E-6A3F-4C1D-A7CB-DCBF6A125897}.Ad-Hoc|Mixed Platforms.ActiveCfg = Release|Any CPU
		{FD17AD8E-6A3F-4C1D-A7CB-DCBF6A125897}.Ad-Hoc|Mixed Platforms.Build.0 = Release|Any CPU
		{FD17AD8E-6A3F-4C1D-A7CB-DCBF6A125897}.Ad-Hoc|x64.ActiveCfg = Release|Any CPU
		{FD17AD8E-6A3F-4C1D-A7CB-DCBF6A125897}.Ad-Hoc|x64.Build.0 = Release|Any CPU
		{FD17AD8E-6A3F-4C1D-A7CB-DCBF6A125897}.Ad-Hoc|x86.ActiveCfg = Release|Any CPU
		{FD17AD8E-6A3F-4C1D-A7CB-DCBF6A125897}.Ad-Hoc|x86.Build.0 = Release|Any CPU
		{FD17AD8E-6A3F-4C1D-A7CB-DCBF6A125897}.AppStore|Any CPU.ActiveCfg = Release|Any CPU
		{FD17AD8E-6A3F-4C1D-A7CB-DCBF6A125897}.AppStore|Any CPU.Build.0 = Release|Any CPU
		{FD17AD8E-6A3F-4C1D-A7CB-DCBF6A125897}.AppStore|ARM.ActiveCfg = Release|Any CPU
		{FD17AD8E-6A3F-4C1D-A7CB-DCBF6A125897}.AppStore|ARM.Build.0 = Release|Any CPU
		{FD17AD8E-6A3F-4C1D-A7CB-DCBF6A125897}.AppStore|iPhone.ActiveCfg = Release|Any CPU
		{FD17AD8E-6A3F-4C1D-A7CB-DCBF6A125897}.AppStore|iPhone.Build.0 = Release|Any CPU
		{FD17AD8E-6A3F-4C1D-A7CB-DCBF6A125897}.AppStore|iPhoneSimulator.ActiveCfg = Release|Any CPU
		{FD17AD8E-6A3F-4C1D-A7CB-DCBF6A125897}.AppStore|iPhoneSimulator.Build.0 = Release|Any CPU
		{FD17AD8E-6A3F-4C1D-A7CB-DCBF6A125897}.AppStore|Mixed Platforms.ActiveCfg = Release|Any CPU
		{FD17AD8E-6A3F-4C1D-A7CB-DCBF6A125897}.AppStore|Mixed Platforms.Build.0 = Release|Any CPU
		{FD17AD8E-6A3F-4C1D-A7CB-DCBF6A125897}.AppStore|x64.ActiveCfg = Release|Any CPU
		{FD17AD8E-6A3F-4C1D-A7CB-DCBF6A125897}.AppStore|x64.Build.0 = Release|Any CPU
		{FD17AD8E-6A3F-4C1D-A7CB-DCBF6A125897}.AppStore|x86.ActiveCfg = Release|Any CPU
		{FD17AD8E-6A3F-4C1D-A7CB-DCBF6A125897}.AppStore|x86.Build.0 = Release|Any CPU
		{FD17AD8E-6A3F-4C1D-A7CB-DCBF6A125897}.Debug|Any CPU.ActiveCfg = Debug|Any CPU
		{FD17AD8E-6A3F-4C1D-A7CB-DCBF6A125897}.Debug|Any CPU.Build.0 = Debug|Any CPU
		{FD17AD8E-6A3F-4C1D-A7CB-DCBF6A125897}.Debug|ARM.ActiveCfg = Debug|Any CPU
		{FD17AD8E-6A3F-4C1D-A7CB-DCBF6A125897}.Debug|ARM.Build.0 = Debug|Any CPU
		{FD17AD8E-6A3F-4C1D-A7CB-DCBF6A125897}.Debug|iPhone.ActiveCfg = Debug|Any CPU
		{FD17AD8E-6A3F-4C1D-A7CB-DCBF6A125897}.Debug|iPhone.Build.0 = Debug|Any CPU
		{FD17AD8E-6A3F-4C1D-A7CB-DCBF6A125897}.Debug|iPhoneSimulator.ActiveCfg = Debug|Any CPU
		{FD17AD8E-6A3F-4C1D-A7CB-DCBF6A125897}.Debug|iPhoneSimulator.Build.0 = Debug|Any CPU
		{FD17AD8E-6A3F-4C1D-A7CB-DCBF6A125897}.Debug|Mixed Platforms.ActiveCfg = Debug|Any CPU
		{FD17AD8E-6A3F-4C1D-A7CB-DCBF6A125897}.Debug|Mixed Platforms.Build.0 = Debug|Any CPU
		{FD17AD8E-6A3F-4C1D-A7CB-DCBF6A125897}.Debug|x64.ActiveCfg = Debug|Any CPU
		{FD17AD8E-6A3F-4C1D-A7CB-DCBF6A125897}.Debug|x64.Build.0 = Debug|Any CPU
		{FD17AD8E-6A3F-4C1D-A7CB-DCBF6A125897}.Debug|x86.ActiveCfg = Debug|Any CPU
		{FD17AD8E-6A3F-4C1D-A7CB-DCBF6A125897}.Debug|x86.Build.0 = Debug|Any CPU
		{FD17AD8E-6A3F-4C1D-A7CB-DCBF6A125897}.Release|Any CPU.ActiveCfg = Release|Any CPU
		{FD17AD8E-6A3F-4C1D-A7CB-DCBF6A125897}.Release|Any CPU.Build.0 = Release|Any CPU
		{FD17AD8E-6A3F-4C1D-A7CB-DCBF6A125897}.Release|ARM.ActiveCfg = Release|Any CPU
		{FD17AD8E-6A3F-4C1D-A7CB-DCBF6A125897}.Release|ARM.Build.0 = Release|Any CPU
		{FD17AD8E-6A3F-4C1D-A7CB-DCBF6A125897}.Release|iPhone.ActiveCfg = Release|Any CPU
		{FD17AD8E-6A3F-4C1D-A7CB-DCBF6A125897}.Release|iPhone.Build.0 = Release|Any CPU
		{FD17AD8E-6A3F-4C1D-A7CB-DCBF6A125897}.Release|iPhoneSimulator.ActiveCfg = Release|Any CPU
		{FD17AD8E-6A3F-4C1D-A7CB-DCBF6A125897}.Release|iPhoneSimulator.Build.0 = Release|Any CPU
		{FD17AD8E-6A3F-4C1D-A7CB-DCBF6A125897}.Release|Mixed Platforms.ActiveCfg = Release|Any CPU
		{FD17AD8E-6A3F-4C1D-A7CB-DCBF6A125897}.Release|Mixed Platforms.Build.0 = Release|Any CPU
		{FD17AD8E-6A3F-4C1D-A7CB-DCBF6A125897}.Release|x64.ActiveCfg = Release|Any CPU
		{FD17AD8E-6A3F-4C1D-A7CB-DCBF6A125897}.Release|x64.Build.0 = Release|Any CPU
		{FD17AD8E-6A3F-4C1D-A7CB-DCBF6A125897}.Release|x86.ActiveCfg = Release|Any CPU
		{FD17AD8E-6A3F-4C1D-A7CB-DCBF6A125897}.Release|x86.Build.0 = Release|Any CPU
		{A7990674-F64E-4057-B3F3-4F1243147845}.Ad-Hoc|Any CPU.ActiveCfg = Release|Any CPU
		{A7990674-F64E-4057-B3F3-4F1243147845}.Ad-Hoc|Any CPU.Build.0 = Release|Any CPU
		{A7990674-F64E-4057-B3F3-4F1243147845}.Ad-Hoc|ARM.ActiveCfg = Release|ARM
		{A7990674-F64E-4057-B3F3-4F1243147845}.Ad-Hoc|ARM.Build.0 = Release|ARM
		{A7990674-F64E-4057-B3F3-4F1243147845}.Ad-Hoc|iPhone.ActiveCfg = Release|Any CPU
		{A7990674-F64E-4057-B3F3-4F1243147845}.Ad-Hoc|iPhone.Build.0 = Release|Any CPU
		{A7990674-F64E-4057-B3F3-4F1243147845}.Ad-Hoc|iPhoneSimulator.ActiveCfg = Release|Any CPU
		{A7990674-F64E-4057-B3F3-4F1243147845}.Ad-Hoc|iPhoneSimulator.Build.0 = Release|Any CPU
		{A7990674-F64E-4057-B3F3-4F1243147845}.Ad-Hoc|Mixed Platforms.ActiveCfg = Release|x86
		{A7990674-F64E-4057-B3F3-4F1243147845}.Ad-Hoc|Mixed Platforms.Build.0 = Release|x86
		{A7990674-F64E-4057-B3F3-4F1243147845}.Ad-Hoc|x64.ActiveCfg = Release|x64
		{A7990674-F64E-4057-B3F3-4F1243147845}.Ad-Hoc|x64.Build.0 = Release|x64
		{A7990674-F64E-4057-B3F3-4F1243147845}.Ad-Hoc|x86.ActiveCfg = Release|x86
		{A7990674-F64E-4057-B3F3-4F1243147845}.Ad-Hoc|x86.Build.0 = Release|x86
		{A7990674-F64E-4057-B3F3-4F1243147845}.AppStore|Any CPU.ActiveCfg = Release|Any CPU
		{A7990674-F64E-4057-B3F3-4F1243147845}.AppStore|Any CPU.Build.0 = Release|Any CPU
		{A7990674-F64E-4057-B3F3-4F1243147845}.AppStore|ARM.ActiveCfg = Release|ARM
		{A7990674-F64E-4057-B3F3-4F1243147845}.AppStore|ARM.Build.0 = Release|ARM
		{A7990674-F64E-4057-B3F3-4F1243147845}.AppStore|iPhone.ActiveCfg = Release|Any CPU
		{A7990674-F64E-4057-B3F3-4F1243147845}.AppStore|iPhone.Build.0 = Release|Any CPU
		{A7990674-F64E-4057-B3F3-4F1243147845}.AppStore|iPhoneSimulator.ActiveCfg = Release|Any CPU
		{A7990674-F64E-4057-B3F3-4F1243147845}.AppStore|iPhoneSimulator.Build.0 = Release|Any CPU
		{A7990674-F64E-4057-B3F3-4F1243147845}.AppStore|Mixed Platforms.ActiveCfg = Release|x86
		{A7990674-F64E-4057-B3F3-4F1243147845}.AppStore|Mixed Platforms.Build.0 = Release|x86
		{A7990674-F64E-4057-B3F3-4F1243147845}.AppStore|x64.ActiveCfg = Release|x64
		{A7990674-F64E-4057-B3F3-4F1243147845}.AppStore|x64.Build.0 = Release|x64
		{A7990674-F64E-4057-B3F3-4F1243147845}.AppStore|x86.ActiveCfg = Release|x86
		{A7990674-F64E-4057-B3F3-4F1243147845}.AppStore|x86.Build.0 = Release|x86
		{A7990674-F64E-4057-B3F3-4F1243147845}.Debug|Any CPU.ActiveCfg = Debug|Any CPU
		{A7990674-F64E-4057-B3F3-4F1243147845}.Debug|Any CPU.Build.0 = Debug|Any CPU
		{A7990674-F64E-4057-B3F3-4F1243147845}.Debug|ARM.ActiveCfg = Debug|ARM
		{A7990674-F64E-4057-B3F3-4F1243147845}.Debug|ARM.Build.0 = Debug|ARM
		{A7990674-F64E-4057-B3F3-4F1243147845}.Debug|iPhone.ActiveCfg = Debug|Any CPU
		{A7990674-F64E-4057-B3F3-4F1243147845}.Debug|iPhone.Build.0 = Debug|Any CPU
		{A7990674-F64E-4057-B3F3-4F1243147845}.Debug|iPhoneSimulator.ActiveCfg = Debug|Any CPU
		{A7990674-F64E-4057-B3F3-4F1243147845}.Debug|iPhoneSimulator.Build.0 = Debug|Any CPU
		{A7990674-F64E-4057-B3F3-4F1243147845}.Debug|Mixed Platforms.ActiveCfg = Debug|x86
		{A7990674-F64E-4057-B3F3-4F1243147845}.Debug|Mixed Platforms.Build.0 = Debug|x86
		{A7990674-F64E-4057-B3F3-4F1243147845}.Debug|x64.ActiveCfg = Debug|x64
		{A7990674-F64E-4057-B3F3-4F1243147845}.Debug|x64.Build.0 = Debug|x64
		{A7990674-F64E-4057-B3F3-4F1243147845}.Debug|x86.ActiveCfg = Debug|x86
		{A7990674-F64E-4057-B3F3-4F1243147845}.Debug|x86.Build.0 = Debug|x86
		{A7990674-F64E-4057-B3F3-4F1243147845}.Release|Any CPU.ActiveCfg = Release|Any CPU
		{A7990674-F64E-4057-B3F3-4F1243147845}.Release|Any CPU.Build.0 = Release|Any CPU
		{A7990674-F64E-4057-B3F3-4F1243147845}.Release|ARM.ActiveCfg = Release|ARM
		{A7990674-F64E-4057-B3F3-4F1243147845}.Release|ARM.Build.0 = Release|ARM
		{A7990674-F64E-4057-B3F3-4F1243147845}.Release|iPhone.ActiveCfg = Release|Any CPU
		{A7990674-F64E-4057-B3F3-4F1243147845}.Release|iPhone.Build.0 = Release|Any CPU
		{A7990674-F64E-4057-B3F3-4F1243147845}.Release|iPhoneSimulator.ActiveCfg = Release|Any CPU
		{A7990674-F64E-4057-B3F3-4F1243147845}.Release|iPhoneSimulator.Build.0 = Release|Any CPU
		{A7990674-F64E-4057-B3F3-4F1243147845}.Release|Mixed Platforms.ActiveCfg = Release|x86
		{A7990674-F64E-4057-B3F3-4F1243147845}.Release|Mixed Platforms.Build.0 = Release|x86
		{A7990674-F64E-4057-B3F3-4F1243147845}.Release|x64.ActiveCfg = Release|x64
		{A7990674-F64E-4057-B3F3-4F1243147845}.Release|x64.Build.0 = Release|x64
		{A7990674-F64E-4057-B3F3-4F1243147845}.Release|x86.ActiveCfg = Release|x86
		{A7990674-F64E-4057-B3F3-4F1243147845}.Release|x86.Build.0 = Release|x86
	EndGlobalSection
	GlobalSection(SolutionProperties) = preSolution
		HideSolutionNode = FALSE
	EndGlobalSection
	GlobalSection(NestedProjects) = preSolution
		{662CFA8D-F708-4B9E-9052-34847114CF70} = {D5955603-322A-4601-82E7-27A4EA782CB7}
		{DE0718BA-B83E-4399-A68E-833362221FA8} = {D5955603-322A-4601-82E7-27A4EA782CB7}
		{58BBF05A-5C59-4FC9-A6C4-73388520E815} = {D5955603-322A-4601-82E7-27A4EA782CB7}
		{E5DC9346-C0D6-47E9-A570-F0F6730D78D8} = {D5955603-322A-4601-82E7-27A4EA782CB7}
		{AD780CF9-2CBD-40C2-B2BA-33B546CA4522} = {D5955603-322A-4601-82E7-27A4EA782CB7}
		{2D88C247-EADB-4BAC-979B-14B8726875A3} = {D5955603-322A-4601-82E7-27A4EA782CB7}
		{EC32EA8B-68AC-46AE-8FB1-450603AF6665} = {D5955603-322A-4601-82E7-27A4EA782CB7}
		{069A94C7-CC40-4BD4-B072-49C153BAAB26} = {D5955603-322A-4601-82E7-27A4EA782CB7}
		{481AEF68-D0C7-4179-81EE-DDF07ADFCF71} = {D5955603-322A-4601-82E7-27A4EA782CB7}
		{67BED36A-D11C-4EBB-A08E-17D716065A08} = {D5955603-322A-4601-82E7-27A4EA782CB7}
		{209FA716-A7AD-4095-BD70-C8710FC66FA7} = {59612630-9AAC-45D4-9644-A1DDD80681A3}
		{D6280326-D1D3-430B-B876-6F73544A4FA4} = {D5955603-322A-4601-82E7-27A4EA782CB7}
		{4EF5F453-44BD-481E-8A22-720E525408E4} = {D5955603-322A-4601-82E7-27A4EA782CB7}
		{1856C790-4C71-44FC-A271-6A5CDD9B22CE} = {59612630-9AAC-45D4-9644-A1DDD80681A3}
		{A7990674-F64E-4057-B3F3-4F1243147845} = {45B5063F-CAA0-471C-BA7B-684A341E4E44}
		{D518F9B6-2A05-4BA7-B28D-176F4E35BE2B} = {45B5063F-CAA0-471C-BA7B-684A341E4E44}
	EndGlobalSection
	GlobalSection(TeamFoundationVersionControl) = preSolution
		SccNumberOfProjects = 27
		SccEnterpriseProvider = {4CA58AB2-18FA-4F8D-95D4-32DDF27D184C}
		SccTeamFoundationServer = https://builttoroam.visualstudio.com/defaultcollection
		SccLocalPath0 = .
		SccProjectUniqueName1 = RealEstateInspector.Shared.Entities\\RealEstateInspector.Shared.Entities.projitems
		SccProjectTopLevelParentUniqueName1 = RealEstateInspector.Shared.Entities\\RealEstateInspector.Shared.Entities.shproj
		SccProjectName1 = RealEstateInspector.Shared.Entities
		SccLocalPath1 = RealEstateInspector.Shared.Entities
		SccProjectUniqueName2 = RealEstateInspector.Shared.Entities\\RealEstateInspector.Shared.Entities.shproj
		SccProjectName2 = RealEstateInspector.Shared.Entities
		SccLocalPath2 = RealEstateInspector.Shared.Entities
		SccProjectUniqueName3 = RealEstateInspector\\RealEstateInspector.Shared\\RealEstateInspector.Shared.projitems
		SccProjectTopLevelParentUniqueName3 = RealEstateInspector.sln
		SccProjectName3 = RealEstateInspector/RealEstateInspector.Shared
		SccLocalPath3 = RealEstateInspector\\RealEstateInspector.Shared
		SccProjectUniqueName4 = RealEstateInspector\\RealEstateInspector.Shared\\RealEstateInspector.Shared.shproj
		SccProjectTopLevelParentUniqueName4 = RealEstateInspector.sln
		SccProjectName4 = RealEstateInspector/RealEstateInspector.Shared
		SccLocalPath4 = RealEstateInspector\\RealEstateInspector.Shared
		SccProjectUniqueName5 = RealEstateInspector\\RealEstateInspector.Windows\\RealEstateInspector.Windows.csproj
		SccProjectTopLevelParentUniqueName5 = RealEstateInspector.sln
		SccProjectName5 = RealEstateInspector/RealEstateInspector.Windows
		SccLocalPath5 = RealEstateInspector\\RealEstateInspector.Windows
		SccProjectUniqueName6 = RealEstateInspector\\RealEstateInspector.WindowsPhone\\RealEstateInspector.WindowsPhone.csproj
		SccProjectTopLevelParentUniqueName6 = RealEstateInspector.sln
		SccProjectName6 = RealEstateInspector/RealEstateInspector.WindowsPhone
		SccLocalPath6 = RealEstateInspector\\RealEstateInspector.WindowsPhone
		SccProjectUniqueName7 = realestateinspectorService\\realestateinspectorService.csproj
		SccProjectTopLevelParentUniqueName7 = RealEstateInspector.sln
		SccProjectName7 = realestateinspectorService
		SccLocalPath7 = realestateinspectorService
		SccProjectUniqueName8 = RealEstateInspector.Core\\RealEstateInspector.Core.csproj
		SccProjectTopLevelParentUniqueName8 = RealEstateInspector.sln
		SccProjectName8 = RealEstateInspector.Core
		SccLocalPath8 = RealEstateInspector.Core
		SccProjectUniqueName9 = RealEstateInspector.Shared.Client\\RealEstateInspector.Shared.Client.shproj
		SccProjectTopLevelParentUniqueName9 = RealEstateInspector.sln
		SccProjectName9 = RealEstateInspector.Shared.Client
		SccLocalPath9 = RealEstateInspector.Shared.Client
		SccProjectUniqueName10 = RealEstateInspector.Shared.Client\\RealEstateInspector.Shared.Client.projitems
		SccProjectTopLevelParentUniqueName10 = RealEstateInspector.sln
		SccProjectName10 = RealEstateInspector.Shared.Client
		SccLocalPath10 = RealEstateInspector.Shared.Client
		SccProjectUniqueName11 = XForms\\XForms\\RealEstateInspector.XForms.csproj
		SccProjectTopLevelParentUniqueName11 = RealEstateInspector.sln
		SccProjectName11 = XForms/XForms
		SccLocalPath11 = XForms\\XForms
		SccProjectUniqueName12 = XForms\\WinPhone\\RealEstateInspector.XForms.WinPhone.csproj
		SccProjectTopLevelParentUniqueName12 = RealEstateInspector.sln
		SccProjectName12 = XForms/WinPhone
		SccLocalPath12 = XForms\\WinPhone
		SccProjectUniqueName13 = XForms\\Droid\\RealEstateInspector.XForms.Droid.csproj
		SccProjectTopLevelParentUniqueName13 = RealEstateInspector.sln
		SccProjectName13 = XForms/Droid
		SccLocalPath13 = XForms\\Droid
		SccProjectUniqueName14 = XForms\\iOS\\RealEstateInspector.XForms.iOS.csproj
		SccProjectTopLevelParentUniqueName14 = RealEstateInspector.sln
		SccProjectName14 = XForms/iOS
		SccLocalPath14 = XForms\\iOS
		SccProjectUniqueName15 = RealEstateInspector.Desktop\\RealEstateInspector.Desktop.csproj
		SccProjectTopLevelParentUniqueName15 = RealEstateInspector.sln
		SccProjectName15 = RealEstateInspector.Desktop
		SccLocalPath15 = RealEstateInspector.Desktop
		SccProjectUniqueName16 = RealEstateInspector.Background\\RealEstateInspector.Background.csproj
		SccProjectTopLevelParentUniqueName16 = RealEstateInspector.sln
		SccProjectName16 = RealEstateInspector.Background
		SccLocalPath16 = RealEstateInspector.Background
		SccProjectUniqueName17 = BuiltToRoam.Synchronization\\BuiltToRoam.Synchronization.csproj
		SccProjectName17 = BuiltToRoam.Synchronization
		SccLocalPath17 = BuiltToRoam.Synchronization
		SccProjectUniqueName18 = BuiltToRoam.Infrastructure\\BuiltToRoam.Infrastructure.csproj
		SccProjectName18 = BuiltToRoam.Infrastructure
		SccLocalPath18 = BuiltToRoam.Infrastructure
		SccProjectUniqueName19 = BuiltToRoam.Mobile\\BuiltToRoam.Mobile.csproj
		SccProjectName19 = BuiltToRoam.Mobile
		SccLocalPath19 = BuiltToRoam.Mobile
		SccProjectUniqueName20 = RealEstateInspector.Universal\\RealEstateInspector.Universal.csproj
		SccProjectTopLevelParentUniqueName20 = RealEstateInspector.sln
		SccProjectName20 = RealEstateInspector.Universal
		SccLocalPath20 = RealEstateInspector.Universal
		SccProjectUniqueName21 = BuiltToRoam.Communication\\BuiltToRoam.Communication.csproj
		SccProjectName21 = BuiltToRoam.Communication
		SccLocalPath21 = BuiltToRoam.Communication
		SccProjectUniqueName22 = BuiltToRoam.Mobile.Server\\BuiltToRoam.Mobile.Server.csproj
		SccProjectTopLevelParentUniqueName22 = RealEstateInspector.sln
		SccProjectName22 = BuiltToRoam.Mobile.Server
		SccLocalPath22 = BuiltToRoam.Mobile.Server
		SccProjectUniqueName23 = BuiltToRoam.General\\BuiltToRoam.General.csproj
		SccProjectName23 = BuiltToRoam.General
		SccLocalPath23 = BuiltToRoam.General
		SccProjectUniqueName24 = BuiltToRoam.UI\\BuiltToRoam.UI.UAP\\BuiltToRoam.UI.UAP.csproj
		SccProjectTopLevelParentUniqueName24 = RealEstateInspector.sln
		SccProjectName24 = BuiltToRoam.UI/BuiltToRoam.UI.UAP
		SccLocalPath24 = BuiltToRoam.UI\\BuiltToRoam.UI.UAP
		SccProjectUniqueName25 = BuiltToRoam.UI.Shared\\BuiltToRoam.UI.Shared.projitems
		SccProjectTopLevelParentUniqueName25 = RealEstateInspector.sln
		SccProjectName25 = BuiltToRoam.UI.Shared
		SccLocalPath25 = BuiltToRoam.UI.Shared
		SccProjectUniqueName26 = BuiltToRoam.UI.Shared\\BuiltToRoam.UI.Shared.shproj
		SccProjectTopLevelParentUniqueName26 = RealEstateInspector.sln
		SccProjectName26 = BuiltToRoam.UI.Shared
		SccLocalPath26 = BuiltToRoam.UI.Shared
	EndGlobalSection
EndGlobal
